// !$*UTF8*$!
{
	archiveVersion = 1;
	classes = {
	};
	objectVersion = 51;
	objects = {

/* Begin PBXBuildFile section */
		12FEB150E78050A52D1AFA24 /* Pods_WeatherApp.framework in Frameworks */ = {isa = PBXBuildFile; fileRef = 0EDBB2D5C1BD986E293A6325 /* Pods_WeatherApp.framework */; };
		712B8A5F080DA712F4A5547A /* Pods_WeatherAppUnitTests.framework in Frameworks */ = {isa = PBXBuildFile; fileRef = 7144BD179762F18A8B1F333F /* Pods_WeatherAppUnitTests.framework */; };
		8C02025A25E75777008CF2AA /* GoogleService-Info.plist in Resources */ = {isa = PBXBuildFile; fileRef = 8C02025925E75777008CF2AA /* GoogleService-Info.plist */; };
		8C0FD00825D68D6E00CBAF3A /* TestSpy.swift in Sources */ = {isa = PBXBuildFile; fileRef = 8C0FD00725D68D6E00CBAF3A /* TestSpy.swift */; };
		8C0FD00925D68D6E00CBAF3A /* TestSpy.swift in Sources */ = {isa = PBXBuildFile; fileRef = 8C0FD00725D68D6E00CBAF3A /* TestSpy.swift */; };
		8C0FD00A25D68D6E00CBAF3A /* TestSpy.swift in Sources */ = {isa = PBXBuildFile; fileRef = 8C0FD00725D68D6E00CBAF3A /* TestSpy.swift */; };
		8C0FD01425D68D7A00CBAF3A /* CallstackMatcher.swift in Sources */ = {isa = PBXBuildFile; fileRef = 8C0FD01125D68D7A00CBAF3A /* CallstackMatcher.swift */; };
		8C0FD01525D68D7A00CBAF3A /* CallstackMatcher.swift in Sources */ = {isa = PBXBuildFile; fileRef = 8C0FD01125D68D7A00CBAF3A /* CallstackMatcher.swift */; };
		8C0FD01625D68D7A00CBAF3A /* CallstackMatcher.swift in Sources */ = {isa = PBXBuildFile; fileRef = 8C0FD01125D68D7A00CBAF3A /* CallstackMatcher.swift */; };
		8C0FD01725D68D7A00CBAF3A /* CallstackPredicate.swift in Sources */ = {isa = PBXBuildFile; fileRef = 8C0FD01225D68D7A00CBAF3A /* CallstackPredicate.swift */; };
		8C0FD01825D68D7A00CBAF3A /* CallstackPredicate.swift in Sources */ = {isa = PBXBuildFile; fileRef = 8C0FD01225D68D7A00CBAF3A /* CallstackPredicate.swift */; };
		8C0FD01925D68D7A00CBAF3A /* CallstackPredicate.swift in Sources */ = {isa = PBXBuildFile; fileRef = 8C0FD01225D68D7A00CBAF3A /* CallstackPredicate.swift */; };
		8C0FD01A25D68D7A00CBAF3A /* CallstackContainer.swift in Sources */ = {isa = PBXBuildFile; fileRef = 8C0FD01325D68D7A00CBAF3A /* CallstackContainer.swift */; };
		8C0FD01B25D68D7A00CBAF3A /* CallstackContainer.swift in Sources */ = {isa = PBXBuildFile; fileRef = 8C0FD01325D68D7A00CBAF3A /* CallstackContainer.swift */; };
		8C0FD01C25D68D7A00CBAF3A /* CallstackContainer.swift in Sources */ = {isa = PBXBuildFile; fileRef = 8C0FD01325D68D7A00CBAF3A /* CallstackContainer.swift */; };
		8C0FD04625D697A800CBAF3A /* Spies.swift in Sources */ = {isa = PBXBuildFile; fileRef = 8C92A9C325CE5C6C00BCDB25 /* Spies.swift */; };
		8C0FD05625D6983900CBAF3A /* Spies.swift in Sources */ = {isa = PBXBuildFile; fileRef = 8C92A9C325CE5C6C00BCDB25 /* Spies.swift */; };
		8C10487F25CBAF8300282A3E /* AppDelegate.swift in Sources */ = {isa = PBXBuildFile; fileRef = 8C10487E25CBAF8300282A3E /* AppDelegate.swift */; };
		8C10488125CBAF8300282A3E /* SceneDelegate.swift in Sources */ = {isa = PBXBuildFile; fileRef = 8C10488025CBAF8300282A3E /* SceneDelegate.swift */; };
		8C10488325CBAF8300282A3E /* WeatherViewController.swift in Sources */ = {isa = PBXBuildFile; fileRef = 8C10488225CBAF8300282A3E /* WeatherViewController.swift */; };
		8C10488825CBAF8400282A3E /* Assets.xcassets in Resources */ = {isa = PBXBuildFile; fileRef = 8C10488725CBAF8400282A3E /* Assets.xcassets */; };
		8C10488B25CBAF8400282A3E /* LaunchScreen.storyboard in Resources */ = {isa = PBXBuildFile; fileRef = 8C10488925CBAF8400282A3E /* LaunchScreen.storyboard */; };
		8C1048C825CBB06F00282A3E /* Formatter.swift in Sources */ = {isa = PBXBuildFile; fileRef = 8C1048C725CBB06F00282A3E /* Formatter.swift */; };
		8C1048CE25CBB07D00282A3E /* APIRequest+Convenience.swift in Sources */ = {isa = PBXBuildFile; fileRef = 8C1048CC25CBB07D00282A3E /* APIRequest+Convenience.swift */; };
		8C1048CF25CBB07D00282A3E /* APIClient.swift in Sources */ = {isa = PBXBuildFile; fileRef = 8C1048CD25CBB07D00282A3E /* APIClient.swift */; };
		8C1048D425CBB08400282A3E /* URLRequest+APIRequest.swift in Sources */ = {isa = PBXBuildFile; fileRef = 8C1048D325CBB08400282A3E /* URLRequest+APIRequest.swift */; };
		8C1048DD25CBB09500282A3E /* ContentType.swift in Sources */ = {isa = PBXBuildFile; fileRef = 8C1048D925CBB09500282A3E /* ContentType.swift */; };
		8C1048DE25CBB09500282A3E /* APIRequest.swift in Sources */ = {isa = PBXBuildFile; fileRef = 8C1048DA25CBB09500282A3E /* APIRequest.swift */; };
		8C1048DF25CBB09500282A3E /* APIError.swift in Sources */ = {isa = PBXBuildFile; fileRef = 8C1048DB25CBB09500282A3E /* APIError.swift */; };
		8C1048E025CBB09500282A3E /* HeaderField.swift in Sources */ = {isa = PBXBuildFile; fileRef = 8C1048DC25CBB09500282A3E /* HeaderField.swift */; };
		8C1048EA25CBB0A600282A3E /* WeatherProtocols.swift in Sources */ = {isa = PBXBuildFile; fileRef = 8C1048E625CBB0A600282A3E /* WeatherProtocols.swift */; };
		8C1048EB25CBB0A600282A3E /* WeatherViewModel.swift in Sources */ = {isa = PBXBuildFile; fileRef = 8C1048E725CBB0A600282A3E /* WeatherViewModel.swift */; };
		8C1048F325CBB0B900282A3E /* ForecastViewDataModel.swift in Sources */ = {isa = PBXBuildFile; fileRef = 8C1048F125CBB0B900282A3E /* ForecastViewDataModel.swift */; };
		8C124BFD25EF8D95001AECB3 /* CitySearchViewModel.swift in Sources */ = {isa = PBXBuildFile; fileRef = 8C124BFC25EF8D95001AECB3 /* CitySearchViewModel.swift */; };
		8C1C8BCC25CE82E700438764 /* WeatherModuleIntegrationTests.swift in Sources */ = {isa = PBXBuildFile; fileRef = 8C1C8BCB25CE82E700438764 /* WeatherModuleIntegrationTests.swift */; };
		8C1C8BFC25CE911500438764 /* JSONDecoder.swift in Sources */ = {isa = PBXBuildFile; fileRef = 8C1C8BFB25CE911500438764 /* JSONDecoder.swift */; };
		8C28C7D325CEE01F00A14AD6 /* OpenWeatherResponseMadrid.json in Resources */ = {isa = PBXBuildFile; fileRef = 8C28C7D225CEE01F00A14AD6 /* OpenWeatherResponseMadrid.json */; };
		8C2E7F2C25D902090073F507 /* TestModel.swift in Sources */ = {isa = PBXBuildFile; fileRef = 8C3DCD7625CEA81E001B77B4 /* TestModel.swift */; };
		8C34929825D6D12800E739E4 /* XCTestCase.swift in Sources */ = {isa = PBXBuildFile; fileRef = 8C34929725D6D12800E739E4 /* XCTestCase.swift */; };
		8C39EBD925CBED5900265F3E /* WeatherCollectionViewLayout.swift in Sources */ = {isa = PBXBuildFile; fileRef = 8C39EBD825CBED5900265F3E /* WeatherCollectionViewLayout.swift */; };
		8C39EBE425CC2CD200265F3E /* TemperatureCollectionViewCell.swift in Sources */ = {isa = PBXBuildFile; fileRef = 8C39EBE025CC2CD200265F3E /* TemperatureCollectionViewCell.swift */; };
		8C39EBE525CC2CD200265F3E /* TemperatureCollectionViewCell.xib in Resources */ = {isa = PBXBuildFile; fileRef = 8C39EBE125CC2CD200265F3E /* TemperatureCollectionViewCell.xib */; };
		8C39EBE625CC2CD200265F3E /* HourForecastCollectionViewCell.xib in Resources */ = {isa = PBXBuildFile; fileRef = 8C39EBE225CC2CD200265F3E /* HourForecastCollectionViewCell.xib */; };
		8C39EBE725CC2CD200265F3E /* HourForecastCollectionViewCell.swift in Sources */ = {isa = PBXBuildFile; fileRef = 8C39EBE325CC2CD200265F3E /* HourForecastCollectionViewCell.swift */; };
		8C39EBED25CC2D4100265F3E /* WeatherViewSection.swift in Sources */ = {isa = PBXBuildFile; fileRef = 8C39EBEC25CC2D4100265F3E /* WeatherViewSection.swift */; };
		8C39EBF625CC32F700265F3E /* CityCollectionViewCell.swift in Sources */ = {isa = PBXBuildFile; fileRef = 8C39EBF425CC32F700265F3E /* CityCollectionViewCell.swift */; };
		8C39EBF725CC32F700265F3E /* CityCollectionViewCell.xib in Resources */ = {isa = PBXBuildFile; fileRef = 8C39EBF525CC32F700265F3E /* CityCollectionViewCell.xib */; };
		8C39EBFF25CC371D00265F3E /* String.swift in Sources */ = {isa = PBXBuildFile; fileRef = 8C39EBFE25CC371D00265F3E /* String.swift */; };
		8C39EC3225CC5D0D00265F3E /* UIViewContoller.swift in Sources */ = {isa = PBXBuildFile; fileRef = 8C39EC3125CC5D0D00265F3E /* UIViewContoller.swift */; };
		8C39EC7A25CD2EE300265F3E /* ActivityIndicatorCollectionViewCell.swift in Sources */ = {isa = PBXBuildFile; fileRef = 8C39EC7825CD2EE300265F3E /* ActivityIndicatorCollectionViewCell.swift */; };
		8C39EC7B25CD2EE300265F3E /* ActivityIndicatorCollectionViewCell.xib in Resources */ = {isa = PBXBuildFile; fileRef = 8C39EC7925CD2EE300265F3E /* ActivityIndicatorCollectionViewCell.xib */; };
		8C39EC8525CD4B6B00265F3E /* OpenWeatherForecastIcon.swift in Sources */ = {isa = PBXBuildFile; fileRef = 8C39EC8425CD4B6B00265F3E /* OpenWeatherForecastIcon.swift */; };
		8C39EC8A25CD580A00265F3E /* UICollectionView.swift in Sources */ = {isa = PBXBuildFile; fileRef = 8C39EC8925CD580A00265F3E /* UICollectionView.swift */; };
		8C39EC8F25CD5D8200265F3E /* WeatherViewModelMapper.swift in Sources */ = {isa = PBXBuildFile; fileRef = 8C39EC8E25CD5D8200265F3E /* WeatherViewModelMapper.swift */; };
		8C3DCD5E25CE9E16001B77B4 /* WeatherModuleUITests.swift in Sources */ = {isa = PBXBuildFile; fileRef = 8C3DCD5D25CE9E16001B77B4 /* WeatherModuleUITests.swift */; };
		8C3DCD7825CEA81E001B77B4 /* OpenWeatherAPIErrorMock.json in Resources */ = {isa = PBXBuildFile; fileRef = 8C3DCD7025CEA81E001B77B4 /* OpenWeatherAPIErrorMock.json */; };
		8C3DCD7925CEA81E001B77B4 /* WeatherViewDataModelMock.swift in Sources */ = {isa = PBXBuildFile; fileRef = 8C3DCD7125CEA81E001B77B4 /* WeatherViewDataModelMock.swift */; };
		8C3DCD7A25CEA81E001B77B4 /* HTTPStubProtocol.swift in Sources */ = {isa = PBXBuildFile; fileRef = 8C3DCD7225CEA81E001B77B4 /* HTTPStubProtocol.swift */; };
		8C3DCD7B25CEA81E001B77B4 /* OpenWeatherResponseLondon.json in Resources */ = {isa = PBXBuildFile; fileRef = 8C3DCD7325CEA81E001B77B4 /* OpenWeatherResponseLondon.json */; };
		8C3DCD7D25CEA81E001B77B4 /* OpenWeatherMocks.swift in Sources */ = {isa = PBXBuildFile; fileRef = 8C3DCD7525CEA81E001B77B4 /* OpenWeatherMocks.swift */; };
		8C3DCDA625CEB484001B77B4 /* UITestTag.swift in Sources */ = {isa = PBXBuildFile; fileRef = 8C3DCDA525CEB484001B77B4 /* UITestTag.swift */; };
		8C3DCDAB25CEB4B8001B77B4 /* UITestTag.swift in Sources */ = {isa = PBXBuildFile; fileRef = 8C3DCDA525CEB484001B77B4 /* UITestTag.swift */; };
		8C3DCDB225CEB65C001B77B4 /* WeatherViewModelMockFactory.swift in Sources */ = {isa = PBXBuildFile; fileRef = 8C3DCDB125CEB65C001B77B4 /* WeatherViewModelMockFactory.swift */; };
		8C709D3425CDC5F80031755D /* APIClientTest.swift in Sources */ = {isa = PBXBuildFile; fileRef = 8C709D3325CDC5F80031755D /* APIClientTest.swift */; };
		8C71581125E0C14300583CB6 /* Wireframe.swift in Sources */ = {isa = PBXBuildFile; fileRef = 8C71581025E0C14300583CB6 /* Wireframe.swift */; };
		8C71581825E0C19E00583CB6 /* City.swift in Sources */ = {isa = PBXBuildFile; fileRef = 8C71581725E0C19E00583CB6 /* City.swift */; };
		8C71583225E0C9E400583CB6 /* UITestsWireframe.swift in Sources */ = {isa = PBXBuildFile; fileRef = 8C71583125E0C9E400583CB6 /* UITestsWireframe.swift */; };
		8C71585125E0D35300583CB6 /* CityListProtocols.swift in Sources */ = {isa = PBXBuildFile; fileRef = 8C71585025E0D35300583CB6 /* CityListProtocols.swift */; };
		8C71585825E0D35A00583CB6 /* CityListViewController.swift in Sources */ = {isa = PBXBuildFile; fileRef = 8C71585725E0D35A00583CB6 /* CityListViewController.swift */; };
		8C71586225E0D36100583CB6 /* CityTableViewCell.xib in Resources */ = {isa = PBXBuildFile; fileRef = 8C71585E25E0D36100583CB6 /* CityTableViewCell.xib */; };
		8C71586325E0D36100583CB6 /* CityTableViewCell.swift in Sources */ = {isa = PBXBuildFile; fileRef = 8C71585F25E0D36100583CB6 /* CityTableViewCell.swift */; };
		8C71586425E0D36100583CB6 /* CityListFooterView.xib in Resources */ = {isa = PBXBuildFile; fileRef = 8C71586025E0D36100583CB6 /* CityListFooterView.xib */; };
		8C71586525E0D36100583CB6 /* CityListFooterView.swift in Sources */ = {isa = PBXBuildFile; fileRef = 8C71586125E0D36100583CB6 /* CityListFooterView.swift */; };
		8C71586C25E0D36A00583CB6 /* CityListViewModel.swift in Sources */ = {isa = PBXBuildFile; fileRef = 8C71586B25E0D36A00583CB6 /* CityListViewModel.swift */; };
		8C71587B25E0D3F500583CB6 /* CitySearchProtocols.swift in Sources */ = {isa = PBXBuildFile; fileRef = 8C71587A25E0D3F500583CB6 /* CitySearchProtocols.swift */; };
		8C71588525E0D41500583CB6 /* CitySearchViewController.swift in Sources */ = {isa = PBXBuildFile; fileRef = 8C71588425E0D41500583CB6 /* CitySearchViewController.swift */; };
		8C7158AB25E0D8E900583CB6 /* WeatherProvider.swift in Sources */ = {isa = PBXBuildFile; fileRef = 8C7158AA25E0D8E900583CB6 /* WeatherProvider.swift */; };
		8C7F492825F5F8CF0069279D /* UserPreferences.swift in Sources */ = {isa = PBXBuildFile; fileRef = 8C7F492725F5F8CF0069279D /* UserPreferences.swift */; };
		8C8E1D3325D6632D006D8E73 /* ApplicationPreferences.swift in Sources */ = {isa = PBXBuildFile; fileRef = 8C8E1D3225D6632D006D8E73 /* ApplicationPreferences.swift */; };
		8C8E1D5225D664B8006D8E73 /* Secrets.plist in Resources */ = {isa = PBXBuildFile; fileRef = 8C8E1D5125D664B8006D8E73 /* Secrets.plist */; };
		8C8E1DCB25D6729B006D8E73 /* WeatherViewControllerSnapShotTests.swift in Sources */ = {isa = PBXBuildFile; fileRef = 8C8E1DCA25D6729B006D8E73 /* WeatherViewControllerSnapShotTests.swift */; };
		8C8E1DE925D673B9006D8E73 /* AutoSpy.generated.swift in Sources */ = {isa = PBXBuildFile; fileRef = 8C8E1DE825D673B9006D8E73 /* AutoSpy.generated.swift */; };
		8C8E1DEA25D673B9006D8E73 /* AutoSpy.generated.swift in Sources */ = {isa = PBXBuildFile; fileRef = 8C8E1DE825D673B9006D8E73 /* AutoSpy.generated.swift */; };
		8C8E1DEB25D673B9006D8E73 /* AutoSpy.generated.swift in Sources */ = {isa = PBXBuildFile; fileRef = 8C8E1DE825D673B9006D8E73 /* AutoSpy.generated.swift */; };
		8C92A9C425CE5C6C00BCDB25 /* Spies.swift in Sources */ = {isa = PBXBuildFile; fileRef = 8C92A9C325CE5C6C00BCDB25 /* Spies.swift */; };
		8C92A9C925CE629200BCDB25 /* WeatherProviderTests.swift in Sources */ = {isa = PBXBuildFile; fileRef = 8C92A9C825CE629200BCDB25 /* WeatherProviderTests.swift */; };
		8C92AA1625CE766F00BCDB25 /* URLSession.swift in Sources */ = {isa = PBXBuildFile; fileRef = 8C92AA1525CE766F00BCDB25 /* URLSession.swift */; };
		8C947C4F25E38842000718C6 /* OpenWeatherOneCall.swift in Sources */ = {isa = PBXBuildFile; fileRef = 8C947C4E25E38842000718C6 /* OpenWeatherOneCall.swift */; };
		8C9EED3F25CD9E5C00F15BFA /* WeatherViewModelMapperTests.swift in Sources */ = {isa = PBXBuildFile; fileRef = 8C9EED3E25CD9E5C00F15BFA /* WeatherViewModelMapperTests.swift */; };
		8C9EED4825CDA52A00F15BFA /* WeatherViewModelTests.swift in Sources */ = {isa = PBXBuildFile; fileRef = 8C9EED4725CDA52A00F15BFA /* WeatherViewModelTests.swift */; };
		8CDBB10425EA36E80093CCFF /* UITableView.swift in Sources */ = {isa = PBXBuildFile; fileRef = 8CDBB10325EA36E80093CCFF /* UITableView.swift */; };
		8CDBB12625EA44560093CCFF /* ReusableView.swift in Sources */ = {isa = PBXBuildFile; fileRef = 8CDBB12525EA44560093CCFF /* ReusableView.swift */; };
		8CECB72E25CE4C8A0022A2D8 /* APIRequestTests.swift in Sources */ = {isa = PBXBuildFile; fileRef = 8CECB72D25CE4C8A0022A2D8 /* APIRequestTests.swift */; };
		8CF39F3425EFF34600D42DB5 /* UIColor+Palette.swift in Sources */ = {isa = PBXBuildFile; fileRef = 8CF39F3325EFF34600D42DB5 /* UIColor+Palette.swift */; };
		8CF7B10525F0AAE500AC60B6 /* CitySearchProvider.swift in Sources */ = {isa = PBXBuildFile; fileRef = 8CF7B10425F0AAE500AC60B6 /* CitySearchProvider.swift */; };
		B248BFD91454F881141CE824 /* Pods_WeatherApp_WeatherAppUITests.framework in Frameworks */ = {isa = PBXBuildFile; fileRef = 965B2DA5624DEB32CB9C508E /* Pods_WeatherApp_WeatherAppUITests.framework */; };
		C30764882611165C5F723E05 /* Pods_WeatherAppSnapshotTests.framework in Frameworks */ = {isa = PBXBuildFile; fileRef = B0B451046688780210A10EE1 /* Pods_WeatherAppSnapshotTests.framework */; };
		C73F8258224BBFC88395292A /* Pods_WeatherAppIntegrationTests.framework in Frameworks */ = {isa = PBXBuildFile; fileRef = D0AE918C772F0F04A0DF3DD7 /* Pods_WeatherAppIntegrationTests.framework */; };
/* End PBXBuildFile section */

/* Begin PBXContainerItemProxy section */
		8C10489225CBAF8400282A3E /* PBXContainerItemProxy */ = {
			isa = PBXContainerItemProxy;
			containerPortal = 8C10487325CBAF8300282A3E /* Project object */;
			proxyType = 1;
			remoteGlobalIDString = 8C10487A25CBAF8300282A3E;
			remoteInfo = WeatherApp;
		};
		8C1C8BA625CE817D00438764 /* PBXContainerItemProxy */ = {
			isa = PBXContainerItemProxy;
			containerPortal = 8C10487325CBAF8300282A3E /* Project object */;
			proxyType = 1;
			remoteGlobalIDString = 8C10487A25CBAF8300282A3E;
			remoteInfo = WeatherApp;
		};
		8C3DCD4F25CE9E07001B77B4 /* PBXContainerItemProxy */ = {
			isa = PBXContainerItemProxy;
			containerPortal = 8C10487325CBAF8300282A3E /* Project object */;
			proxyType = 1;
			remoteGlobalIDString = 8C10487A25CBAF8300282A3E;
			remoteInfo = WeatherApp;
		};
		8C8E1DAF25D671D6006D8E73 /* PBXContainerItemProxy */ = {
			isa = PBXContainerItemProxy;
			containerPortal = 8C10487325CBAF8300282A3E /* Project object */;
			proxyType = 1;
			remoteGlobalIDString = 8C10487A25CBAF8300282A3E;
			remoteInfo = WeatherApp;
		};
/* End PBXContainerItemProxy section */

/* Begin PBXFileReference section */
		0A79EA8A2DE6B36FFA5F1BB9 /* Pods-WeatherApp-WeatherAppUITests.debug.xcconfig */ = {isa = PBXFileReference; includeInIndex = 1; lastKnownFileType = text.xcconfig; name = "Pods-WeatherApp-WeatherAppUITests.debug.xcconfig"; path = "Target Support Files/Pods-WeatherApp-WeatherAppUITests/Pods-WeatherApp-WeatherAppUITests.debug.xcconfig"; sourceTree = "<group>"; };
		0EDBB2D5C1BD986E293A6325 /* Pods_WeatherApp.framework */ = {isa = PBXFileReference; explicitFileType = wrapper.framework; includeInIndex = 0; path = Pods_WeatherApp.framework; sourceTree = BUILT_PRODUCTS_DIR; };
		33911BD88C28C64A7C19680D /* Pods-WeatherAppUnitTests.release.xcconfig */ = {isa = PBXFileReference; includeInIndex = 1; lastKnownFileType = text.xcconfig; name = "Pods-WeatherAppUnitTests.release.xcconfig"; path = "Target Support Files/Pods-WeatherAppUnitTests/Pods-WeatherAppUnitTests.release.xcconfig"; sourceTree = "<group>"; };
		517BC318141A0EADDE1F62F2 /* Pods-WeatherAppSnapshotTests.debug.xcconfig */ = {isa = PBXFileReference; includeInIndex = 1; lastKnownFileType = text.xcconfig; name = "Pods-WeatherAppSnapshotTests.debug.xcconfig"; path = "Target Support Files/Pods-WeatherAppSnapshotTests/Pods-WeatherAppSnapshotTests.debug.xcconfig"; sourceTree = "<group>"; };
		6A90DB5011C72596FDD9BE82 /* Pods-WeatherApp-WeatherAppUITests.release.xcconfig */ = {isa = PBXFileReference; includeInIndex = 1; lastKnownFileType = text.xcconfig; name = "Pods-WeatherApp-WeatherAppUITests.release.xcconfig"; path = "Target Support Files/Pods-WeatherApp-WeatherAppUITests/Pods-WeatherApp-WeatherAppUITests.release.xcconfig"; sourceTree = "<group>"; };
		7144BD179762F18A8B1F333F /* Pods_WeatherAppUnitTests.framework */ = {isa = PBXFileReference; explicitFileType = wrapper.framework; includeInIndex = 0; path = Pods_WeatherAppUnitTests.framework; sourceTree = BUILT_PRODUCTS_DIR; };
		7E615D784FA4E642581555CB /* Pods-WeatherAppSnapshotTests.release.xcconfig */ = {isa = PBXFileReference; includeInIndex = 1; lastKnownFileType = text.xcconfig; name = "Pods-WeatherAppSnapshotTests.release.xcconfig"; path = "Target Support Files/Pods-WeatherAppSnapshotTests/Pods-WeatherAppSnapshotTests.release.xcconfig"; sourceTree = "<group>"; };
		8C02025925E75777008CF2AA /* GoogleService-Info.plist */ = {isa = PBXFileReference; fileEncoding = 4; lastKnownFileType = text.plist.xml; path = "GoogleService-Info.plist"; sourceTree = "<group>"; };
		8C0FD00725D68D6E00CBAF3A /* TestSpy.swift */ = {isa = PBXFileReference; fileEncoding = 4; lastKnownFileType = sourcecode.swift; path = TestSpy.swift; sourceTree = "<group>"; };
		8C0FD01125D68D7A00CBAF3A /* CallstackMatcher.swift */ = {isa = PBXFileReference; fileEncoding = 4; lastKnownFileType = sourcecode.swift; path = CallstackMatcher.swift; sourceTree = "<group>"; };
		8C0FD01225D68D7A00CBAF3A /* CallstackPredicate.swift */ = {isa = PBXFileReference; fileEncoding = 4; lastKnownFileType = sourcecode.swift; path = CallstackPredicate.swift; sourceTree = "<group>"; };
		8C0FD01325D68D7A00CBAF3A /* CallstackContainer.swift */ = {isa = PBXFileReference; fileEncoding = 4; lastKnownFileType = sourcecode.swift; path = CallstackContainer.swift; sourceTree = "<group>"; };
		8C10487B25CBAF8300282A3E /* WeatherApp.app */ = {isa = PBXFileReference; explicitFileType = wrapper.application; includeInIndex = 0; path = WeatherApp.app; sourceTree = BUILT_PRODUCTS_DIR; };
		8C10487E25CBAF8300282A3E /* AppDelegate.swift */ = {isa = PBXFileReference; lastKnownFileType = sourcecode.swift; path = AppDelegate.swift; sourceTree = "<group>"; };
		8C10488025CBAF8300282A3E /* SceneDelegate.swift */ = {isa = PBXFileReference; lastKnownFileType = sourcecode.swift; path = SceneDelegate.swift; sourceTree = "<group>"; };
		8C10488225CBAF8300282A3E /* WeatherViewController.swift */ = {isa = PBXFileReference; lastKnownFileType = sourcecode.swift; path = WeatherViewController.swift; sourceTree = "<group>"; };
		8C10488725CBAF8400282A3E /* Assets.xcassets */ = {isa = PBXFileReference; lastKnownFileType = folder.assetcatalog; path = Assets.xcassets; sourceTree = "<group>"; };
		8C10488A25CBAF8400282A3E /* Base */ = {isa = PBXFileReference; lastKnownFileType = file.storyboard; name = Base; path = Base.lproj/LaunchScreen.storyboard; sourceTree = "<group>"; };
		8C10488C25CBAF8400282A3E /* Info.plist */ = {isa = PBXFileReference; lastKnownFileType = text.plist.xml; path = Info.plist; sourceTree = "<group>"; };
		8C10489125CBAF8400282A3E /* WeatherAppUnitTests.xctest */ = {isa = PBXFileReference; explicitFileType = wrapper.cfbundle; includeInIndex = 0; path = WeatherAppUnitTests.xctest; sourceTree = BUILT_PRODUCTS_DIR; };
		8C1048C725CBB06F00282A3E /* Formatter.swift */ = {isa = PBXFileReference; fileEncoding = 4; lastKnownFileType = sourcecode.swift; path = Formatter.swift; sourceTree = "<group>"; };
		8C1048CC25CBB07D00282A3E /* APIRequest+Convenience.swift */ = {isa = PBXFileReference; fileEncoding = 4; lastKnownFileType = sourcecode.swift; path = "APIRequest+Convenience.swift"; sourceTree = "<group>"; };
		8C1048CD25CBB07D00282A3E /* APIClient.swift */ = {isa = PBXFileReference; fileEncoding = 4; lastKnownFileType = sourcecode.swift; path = APIClient.swift; sourceTree = "<group>"; };
		8C1048D325CBB08400282A3E /* URLRequest+APIRequest.swift */ = {isa = PBXFileReference; fileEncoding = 4; lastKnownFileType = sourcecode.swift; path = "URLRequest+APIRequest.swift"; sourceTree = "<group>"; };
		8C1048D925CBB09500282A3E /* ContentType.swift */ = {isa = PBXFileReference; fileEncoding = 4; lastKnownFileType = sourcecode.swift; path = ContentType.swift; sourceTree = "<group>"; };
		8C1048DA25CBB09500282A3E /* APIRequest.swift */ = {isa = PBXFileReference; fileEncoding = 4; lastKnownFileType = sourcecode.swift; path = APIRequest.swift; sourceTree = "<group>"; };
		8C1048DB25CBB09500282A3E /* APIError.swift */ = {isa = PBXFileReference; fileEncoding = 4; lastKnownFileType = sourcecode.swift; path = APIError.swift; sourceTree = "<group>"; };
		8C1048DC25CBB09500282A3E /* HeaderField.swift */ = {isa = PBXFileReference; fileEncoding = 4; lastKnownFileType = sourcecode.swift; path = HeaderField.swift; sourceTree = "<group>"; };
		8C1048E625CBB0A600282A3E /* WeatherProtocols.swift */ = {isa = PBXFileReference; fileEncoding = 4; lastKnownFileType = sourcecode.swift; path = WeatherProtocols.swift; sourceTree = "<group>"; };
		8C1048E725CBB0A600282A3E /* WeatherViewModel.swift */ = {isa = PBXFileReference; fileEncoding = 4; lastKnownFileType = sourcecode.swift; path = WeatherViewModel.swift; sourceTree = "<group>"; };
		8C1048F125CBB0B900282A3E /* ForecastViewDataModel.swift */ = {isa = PBXFileReference; fileEncoding = 4; lastKnownFileType = sourcecode.swift; path = ForecastViewDataModel.swift; sourceTree = "<group>"; };
		8C124BFC25EF8D95001AECB3 /* CitySearchViewModel.swift */ = {isa = PBXFileReference; fileEncoding = 4; lastKnownFileType = sourcecode.swift; path = CitySearchViewModel.swift; sourceTree = "<group>"; };
		8C1C8BA125CE817D00438764 /* WeatherAppIntegrationTests.xctest */ = {isa = PBXFileReference; explicitFileType = wrapper.cfbundle; includeInIndex = 0; path = WeatherAppIntegrationTests.xctest; sourceTree = BUILT_PRODUCTS_DIR; };
		8C1C8BA525CE817D00438764 /* Info.plist */ = {isa = PBXFileReference; lastKnownFileType = text.plist.xml; path = Info.plist; sourceTree = "<group>"; };
		8C1C8BCB25CE82E700438764 /* WeatherModuleIntegrationTests.swift */ = {isa = PBXFileReference; lastKnownFileType = sourcecode.swift; path = WeatherModuleIntegrationTests.swift; sourceTree = "<group>"; };
		8C1C8BFB25CE911500438764 /* JSONDecoder.swift */ = {isa = PBXFileReference; lastKnownFileType = sourcecode.swift; path = JSONDecoder.swift; sourceTree = "<group>"; };
		8C28C7D225CEE01F00A14AD6 /* OpenWeatherResponseMadrid.json */ = {isa = PBXFileReference; fileEncoding = 4; lastKnownFileType = text.json; path = OpenWeatherResponseMadrid.json; sourceTree = "<group>"; };
		8C34929725D6D12800E739E4 /* XCTestCase.swift */ = {isa = PBXFileReference; lastKnownFileType = sourcecode.swift; path = XCTestCase.swift; sourceTree = "<group>"; };
		8C39EBD825CBED5900265F3E /* WeatherCollectionViewLayout.swift */ = {isa = PBXFileReference; fileEncoding = 4; lastKnownFileType = sourcecode.swift; path = WeatherCollectionViewLayout.swift; sourceTree = "<group>"; };
		8C39EBE025CC2CD200265F3E /* TemperatureCollectionViewCell.swift */ = {isa = PBXFileReference; fileEncoding = 4; lastKnownFileType = sourcecode.swift; path = TemperatureCollectionViewCell.swift; sourceTree = "<group>"; };
		8C39EBE125CC2CD200265F3E /* TemperatureCollectionViewCell.xib */ = {isa = PBXFileReference; fileEncoding = 4; lastKnownFileType = file.xib; path = TemperatureCollectionViewCell.xib; sourceTree = "<group>"; };
		8C39EBE225CC2CD200265F3E /* HourForecastCollectionViewCell.xib */ = {isa = PBXFileReference; fileEncoding = 4; lastKnownFileType = file.xib; path = HourForecastCollectionViewCell.xib; sourceTree = "<group>"; };
		8C39EBE325CC2CD200265F3E /* HourForecastCollectionViewCell.swift */ = {isa = PBXFileReference; fileEncoding = 4; lastKnownFileType = sourcecode.swift; path = HourForecastCollectionViewCell.swift; sourceTree = "<group>"; };
		8C39EBEC25CC2D4100265F3E /* WeatherViewSection.swift */ = {isa = PBXFileReference; fileEncoding = 4; lastKnownFileType = sourcecode.swift; path = WeatherViewSection.swift; sourceTree = "<group>"; };
		8C39EBF425CC32F700265F3E /* CityCollectionViewCell.swift */ = {isa = PBXFileReference; lastKnownFileType = sourcecode.swift; path = CityCollectionViewCell.swift; sourceTree = "<group>"; };
		8C39EBF525CC32F700265F3E /* CityCollectionViewCell.xib */ = {isa = PBXFileReference; lastKnownFileType = file.xib; path = CityCollectionViewCell.xib; sourceTree = "<group>"; };
		8C39EBFE25CC371D00265F3E /* String.swift */ = {isa = PBXFileReference; fileEncoding = 4; lastKnownFileType = sourcecode.swift; path = String.swift; sourceTree = "<group>"; };
		8C39EC3125CC5D0D00265F3E /* UIViewContoller.swift */ = {isa = PBXFileReference; lastKnownFileType = sourcecode.swift; path = UIViewContoller.swift; sourceTree = "<group>"; };
		8C39EC7825CD2EE300265F3E /* ActivityIndicatorCollectionViewCell.swift */ = {isa = PBXFileReference; lastKnownFileType = sourcecode.swift; path = ActivityIndicatorCollectionViewCell.swift; sourceTree = "<group>"; };
		8C39EC7925CD2EE300265F3E /* ActivityIndicatorCollectionViewCell.xib */ = {isa = PBXFileReference; lastKnownFileType = file.xib; path = ActivityIndicatorCollectionViewCell.xib; sourceTree = "<group>"; };
		8C39EC8425CD4B6B00265F3E /* OpenWeatherForecastIcon.swift */ = {isa = PBXFileReference; lastKnownFileType = sourcecode.swift; path = OpenWeatherForecastIcon.swift; sourceTree = "<group>"; };
		8C39EC8925CD580A00265F3E /* UICollectionView.swift */ = {isa = PBXFileReference; lastKnownFileType = sourcecode.swift; path = UICollectionView.swift; sourceTree = "<group>"; };
		8C39EC8E25CD5D8200265F3E /* WeatherViewModelMapper.swift */ = {isa = PBXFileReference; lastKnownFileType = sourcecode.swift; path = WeatherViewModelMapper.swift; sourceTree = "<group>"; };
		8C3DCD4A25CE9E07001B77B4 /* WeatherAppUITests.xctest */ = {isa = PBXFileReference; explicitFileType = wrapper.cfbundle; includeInIndex = 0; path = WeatherAppUITests.xctest; sourceTree = BUILT_PRODUCTS_DIR; };
		8C3DCD4E25CE9E07001B77B4 /* Info.plist */ = {isa = PBXFileReference; lastKnownFileType = text.plist.xml; path = Info.plist; sourceTree = "<group>"; };
		8C3DCD5D25CE9E16001B77B4 /* WeatherModuleUITests.swift */ = {isa = PBXFileReference; fileEncoding = 4; lastKnownFileType = sourcecode.swift; path = WeatherModuleUITests.swift; sourceTree = "<group>"; };
		8C3DCD7025CEA81E001B77B4 /* OpenWeatherAPIErrorMock.json */ = {isa = PBXFileReference; fileEncoding = 4; lastKnownFileType = text.json; path = OpenWeatherAPIErrorMock.json; sourceTree = "<group>"; };
		8C3DCD7125CEA81E001B77B4 /* WeatherViewDataModelMock.swift */ = {isa = PBXFileReference; fileEncoding = 4; lastKnownFileType = sourcecode.swift; path = WeatherViewDataModelMock.swift; sourceTree = "<group>"; };
		8C3DCD7225CEA81E001B77B4 /* HTTPStubProtocol.swift */ = {isa = PBXFileReference; fileEncoding = 4; lastKnownFileType = sourcecode.swift; path = HTTPStubProtocol.swift; sourceTree = "<group>"; };
		8C3DCD7325CEA81E001B77B4 /* OpenWeatherResponseLondon.json */ = {isa = PBXFileReference; fileEncoding = 4; lastKnownFileType = text.json; path = OpenWeatherResponseLondon.json; sourceTree = "<group>"; };
		8C3DCD7525CEA81E001B77B4 /* OpenWeatherMocks.swift */ = {isa = PBXFileReference; fileEncoding = 4; lastKnownFileType = sourcecode.swift; path = OpenWeatherMocks.swift; sourceTree = "<group>"; };
		8C3DCD7625CEA81E001B77B4 /* TestModel.swift */ = {isa = PBXFileReference; fileEncoding = 4; lastKnownFileType = sourcecode.swift; path = TestModel.swift; sourceTree = "<group>"; };
		8C3DCDA525CEB484001B77B4 /* UITestTag.swift */ = {isa = PBXFileReference; lastKnownFileType = sourcecode.swift; path = UITestTag.swift; sourceTree = "<group>"; };
		8C3DCDB125CEB65C001B77B4 /* WeatherViewModelMockFactory.swift */ = {isa = PBXFileReference; lastKnownFileType = sourcecode.swift; path = WeatherViewModelMockFactory.swift; sourceTree = "<group>"; };
		8C709D3325CDC5F80031755D /* APIClientTest.swift */ = {isa = PBXFileReference; fileEncoding = 4; lastKnownFileType = sourcecode.swift; path = APIClientTest.swift; sourceTree = "<group>"; };
		8C71581025E0C14300583CB6 /* Wireframe.swift */ = {isa = PBXFileReference; fileEncoding = 4; lastKnownFileType = sourcecode.swift; path = Wireframe.swift; sourceTree = "<group>"; };
		8C71581725E0C19E00583CB6 /* City.swift */ = {isa = PBXFileReference; lastKnownFileType = sourcecode.swift; path = City.swift; sourceTree = "<group>"; };
		8C71583125E0C9E400583CB6 /* UITestsWireframe.swift */ = {isa = PBXFileReference; lastKnownFileType = sourcecode.swift; path = UITestsWireframe.swift; sourceTree = "<group>"; };
		8C71585025E0D35300583CB6 /* CityListProtocols.swift */ = {isa = PBXFileReference; fileEncoding = 4; lastKnownFileType = sourcecode.swift; path = CityListProtocols.swift; sourceTree = "<group>"; };
		8C71585725E0D35A00583CB6 /* CityListViewController.swift */ = {isa = PBXFileReference; fileEncoding = 4; lastKnownFileType = sourcecode.swift; path = CityListViewController.swift; sourceTree = "<group>"; };
		8C71585E25E0D36100583CB6 /* CityTableViewCell.xib */ = {isa = PBXFileReference; fileEncoding = 4; lastKnownFileType = file.xib; path = CityTableViewCell.xib; sourceTree = "<group>"; };
		8C71585F25E0D36100583CB6 /* CityTableViewCell.swift */ = {isa = PBXFileReference; fileEncoding = 4; lastKnownFileType = sourcecode.swift; path = CityTableViewCell.swift; sourceTree = "<group>"; };
		8C71586025E0D36100583CB6 /* CityListFooterView.xib */ = {isa = PBXFileReference; fileEncoding = 4; lastKnownFileType = file.xib; path = CityListFooterView.xib; sourceTree = "<group>"; };
		8C71586125E0D36100583CB6 /* CityListFooterView.swift */ = {isa = PBXFileReference; fileEncoding = 4; lastKnownFileType = sourcecode.swift; path = CityListFooterView.swift; sourceTree = "<group>"; };
		8C71586B25E0D36A00583CB6 /* CityListViewModel.swift */ = {isa = PBXFileReference; fileEncoding = 4; lastKnownFileType = sourcecode.swift; path = CityListViewModel.swift; sourceTree = "<group>"; };
		8C71587A25E0D3F500583CB6 /* CitySearchProtocols.swift */ = {isa = PBXFileReference; fileEncoding = 4; lastKnownFileType = sourcecode.swift; path = CitySearchProtocols.swift; sourceTree = "<group>"; };
		8C71588425E0D41500583CB6 /* CitySearchViewController.swift */ = {isa = PBXFileReference; fileEncoding = 4; lastKnownFileType = sourcecode.swift; path = CitySearchViewController.swift; sourceTree = "<group>"; };
		8C7158AA25E0D8E900583CB6 /* WeatherProvider.swift */ = {isa = PBXFileReference; fileEncoding = 4; lastKnownFileType = sourcecode.swift; path = WeatherProvider.swift; sourceTree = "<group>"; };
		8C7F492725F5F8CF0069279D /* UserPreferences.swift */ = {isa = PBXFileReference; lastKnownFileType = sourcecode.swift; path = UserPreferences.swift; sourceTree = "<group>"; };
		8C8E1CFA25D651D2006D8E73 /* AutoSpy.stencil */ = {isa = PBXFileReference; lastKnownFileType = text; path = AutoSpy.stencil; sourceTree = "<group>"; };
		8C8E1D1D25D65629006D8E73 /* README.md */ = {isa = PBXFileReference; lastKnownFileType = net.daringfireball.markdown; path = README.md; sourceTree = "<group>"; };
		8C8E1D3225D6632D006D8E73 /* ApplicationPreferences.swift */ = {isa = PBXFileReference; fileEncoding = 4; lastKnownFileType = sourcecode.swift; path = ApplicationPreferences.swift; sourceTree = "<group>"; };
		8C8E1D5125D664B8006D8E73 /* Secrets.plist */ = {isa = PBXFileReference; fileEncoding = 4; lastKnownFileType = text.plist.xml; path = Secrets.plist; sourceTree = "<group>"; };
		8C8E1DAA25D671D6006D8E73 /* WeatherAppSnapshotTests.xctest */ = {isa = PBXFileReference; explicitFileType = wrapper.cfbundle; includeInIndex = 0; path = WeatherAppSnapshotTests.xctest; sourceTree = BUILT_PRODUCTS_DIR; };
		8C8E1DAE25D671D6006D8E73 /* Info.plist */ = {isa = PBXFileReference; lastKnownFileType = text.plist.xml; path = Info.plist; sourceTree = "<group>"; };
		8C8E1DCA25D6729B006D8E73 /* WeatherViewControllerSnapShotTests.swift */ = {isa = PBXFileReference; lastKnownFileType = sourcecode.swift; path = WeatherViewControllerSnapShotTests.swift; sourceTree = "<group>"; };
		8C8E1DE825D673B9006D8E73 /* AutoSpy.generated.swift */ = {isa = PBXFileReference; fileEncoding = 4; lastKnownFileType = sourcecode.swift; path = AutoSpy.generated.swift; sourceTree = "<group>"; };
		8C92A9B825CE564200BCDB25 /* Info.plist */ = {isa = PBXFileReference; fileEncoding = 4; lastKnownFileType = text.plist.xml; path = Info.plist; sourceTree = "<group>"; };
		8C92A9C325CE5C6C00BCDB25 /* Spies.swift */ = {isa = PBXFileReference; lastKnownFileType = sourcecode.swift; path = Spies.swift; sourceTree = "<group>"; };
		8C92A9C825CE629200BCDB25 /* WeatherProviderTests.swift */ = {isa = PBXFileReference; lastKnownFileType = sourcecode.swift; path = WeatherProviderTests.swift; sourceTree = "<group>"; };
		8C92AA1525CE766F00BCDB25 /* URLSession.swift */ = {isa = PBXFileReference; lastKnownFileType = sourcecode.swift; path = URLSession.swift; sourceTree = "<group>"; };
		8C947C4E25E38842000718C6 /* OpenWeatherOneCall.swift */ = {isa = PBXFileReference; lastKnownFileType = sourcecode.swift; path = OpenWeatherOneCall.swift; sourceTree = "<group>"; };
		8C9EED3E25CD9E5C00F15BFA /* WeatherViewModelMapperTests.swift */ = {isa = PBXFileReference; lastKnownFileType = sourcecode.swift; path = WeatherViewModelMapperTests.swift; sourceTree = "<group>"; };
		8C9EED4725CDA52A00F15BFA /* WeatherViewModelTests.swift */ = {isa = PBXFileReference; lastKnownFileType = sourcecode.swift; path = WeatherViewModelTests.swift; sourceTree = "<group>"; };
		8CDBB10325EA36E80093CCFF /* UITableView.swift */ = {isa = PBXFileReference; lastKnownFileType = sourcecode.swift; path = UITableView.swift; sourceTree = "<group>"; };
		8CDBB12525EA44560093CCFF /* ReusableView.swift */ = {isa = PBXFileReference; lastKnownFileType = sourcecode.swift; path = ReusableView.swift; sourceTree = "<group>"; };
		8CECB72D25CE4C8A0022A2D8 /* APIRequestTests.swift */ = {isa = PBXFileReference; lastKnownFileType = sourcecode.swift; path = APIRequestTests.swift; sourceTree = "<group>"; };
		8CF39F3325EFF34600D42DB5 /* UIColor+Palette.swift */ = {isa = PBXFileReference; lastKnownFileType = sourcecode.swift; path = "UIColor+Palette.swift"; sourceTree = "<group>"; };
		8CF7B10425F0AAE500AC60B6 /* CitySearchProvider.swift */ = {isa = PBXFileReference; lastKnownFileType = sourcecode.swift; path = CitySearchProvider.swift; sourceTree = "<group>"; };
		8FE93E750C94673E402161E3 /* Pods-WeatherApp.debug.xcconfig */ = {isa = PBXFileReference; includeInIndex = 1; lastKnownFileType = text.xcconfig; name = "Pods-WeatherApp.debug.xcconfig"; path = "Target Support Files/Pods-WeatherApp/Pods-WeatherApp.debug.xcconfig"; sourceTree = "<group>"; };
		965B2DA5624DEB32CB9C508E /* Pods_WeatherApp_WeatherAppUITests.framework */ = {isa = PBXFileReference; explicitFileType = wrapper.framework; includeInIndex = 0; path = Pods_WeatherApp_WeatherAppUITests.framework; sourceTree = BUILT_PRODUCTS_DIR; };
		A9C883EAF6A80AF9C613357C /* Pods-WeatherAppUnitTests.debug.xcconfig */ = {isa = PBXFileReference; includeInIndex = 1; lastKnownFileType = text.xcconfig; name = "Pods-WeatherAppUnitTests.debug.xcconfig"; path = "Target Support Files/Pods-WeatherAppUnitTests/Pods-WeatherAppUnitTests.debug.xcconfig"; sourceTree = "<group>"; };
		B0B451046688780210A10EE1 /* Pods_WeatherAppSnapshotTests.framework */ = {isa = PBXFileReference; explicitFileType = wrapper.framework; includeInIndex = 0; path = Pods_WeatherAppSnapshotTests.framework; sourceTree = BUILT_PRODUCTS_DIR; };
		D0AE918C772F0F04A0DF3DD7 /* Pods_WeatherAppIntegrationTests.framework */ = {isa = PBXFileReference; explicitFileType = wrapper.framework; includeInIndex = 0; path = Pods_WeatherAppIntegrationTests.framework; sourceTree = BUILT_PRODUCTS_DIR; };
		D9F94420CB680983EEE93DC1 /* Pods-WeatherAppIntegrationTests.release.xcconfig */ = {isa = PBXFileReference; includeInIndex = 1; lastKnownFileType = text.xcconfig; name = "Pods-WeatherAppIntegrationTests.release.xcconfig"; path = "Target Support Files/Pods-WeatherAppIntegrationTests/Pods-WeatherAppIntegrationTests.release.xcconfig"; sourceTree = "<group>"; };
		DAAA8D1F6DB2789B738FBA6B /* Pods-WeatherAppIntegrationTests.debug.xcconfig */ = {isa = PBXFileReference; includeInIndex = 1; lastKnownFileType = text.xcconfig; name = "Pods-WeatherAppIntegrationTests.debug.xcconfig"; path = "Target Support Files/Pods-WeatherAppIntegrationTests/Pods-WeatherAppIntegrationTests.debug.xcconfig"; sourceTree = "<group>"; };
		DF55B851F97F1310C43657A0 /* Pods-WeatherApp.release.xcconfig */ = {isa = PBXFileReference; includeInIndex = 1; lastKnownFileType = text.xcconfig; name = "Pods-WeatherApp.release.xcconfig"; path = "Target Support Files/Pods-WeatherApp/Pods-WeatherApp.release.xcconfig"; sourceTree = "<group>"; };
/* End PBXFileReference section */

/* Begin PBXFrameworksBuildPhase section */
		8C10487825CBAF8300282A3E /* Frameworks */ = {
			isa = PBXFrameworksBuildPhase;
			buildActionMask = 2147483647;
			files = (
				12FEB150E78050A52D1AFA24 /* Pods_WeatherApp.framework in Frameworks */,
			);
			runOnlyForDeploymentPostprocessing = 0;
		};
		8C10488E25CBAF8400282A3E /* Frameworks */ = {
			isa = PBXFrameworksBuildPhase;
			buildActionMask = 2147483647;
			files = (
				712B8A5F080DA712F4A5547A /* Pods_WeatherAppUnitTests.framework in Frameworks */,
			);
			runOnlyForDeploymentPostprocessing = 0;
		};
		8C1C8B9E25CE817D00438764 /* Frameworks */ = {
			isa = PBXFrameworksBuildPhase;
			buildActionMask = 2147483647;
			files = (
				C73F8258224BBFC88395292A /* Pods_WeatherAppIntegrationTests.framework in Frameworks */,
			);
			runOnlyForDeploymentPostprocessing = 0;
		};
		8C3DCD4725CE9E07001B77B4 /* Frameworks */ = {
			isa = PBXFrameworksBuildPhase;
			buildActionMask = 2147483647;
			files = (
				B248BFD91454F881141CE824 /* Pods_WeatherApp_WeatherAppUITests.framework in Frameworks */,
			);
			runOnlyForDeploymentPostprocessing = 0;
		};
		8C8E1DA725D671D6006D8E73 /* Frameworks */ = {
			isa = PBXFrameworksBuildPhase;
			buildActionMask = 2147483647;
			files = (
				C30764882611165C5F723E05 /* Pods_WeatherAppSnapshotTests.framework in Frameworks */,
			);
			runOnlyForDeploymentPostprocessing = 0;
		};
/* End PBXFrameworksBuildPhase section */

/* Begin PBXGroup section */
		7557EC8137BAE88FF71C2D64 /* Pods */ = {
			isa = PBXGroup;
			children = (
				8FE93E750C94673E402161E3 /* Pods-WeatherApp.debug.xcconfig */,
				DF55B851F97F1310C43657A0 /* Pods-WeatherApp.release.xcconfig */,
				0A79EA8A2DE6B36FFA5F1BB9 /* Pods-WeatherApp-WeatherAppUITests.debug.xcconfig */,
				6A90DB5011C72596FDD9BE82 /* Pods-WeatherApp-WeatherAppUITests.release.xcconfig */,
				DAAA8D1F6DB2789B738FBA6B /* Pods-WeatherAppIntegrationTests.debug.xcconfig */,
				D9F94420CB680983EEE93DC1 /* Pods-WeatherAppIntegrationTests.release.xcconfig */,
				517BC318141A0EADDE1F62F2 /* Pods-WeatherAppSnapshotTests.debug.xcconfig */,
				7E615D784FA4E642581555CB /* Pods-WeatherAppSnapshotTests.release.xcconfig */,
				A9C883EAF6A80AF9C613357C /* Pods-WeatherAppUnitTests.debug.xcconfig */,
				33911BD88C28C64A7C19680D /* Pods-WeatherAppUnitTests.release.xcconfig */,
			);
			path = Pods;
			sourceTree = "<group>";
		};
		8C0FD00625D68D1200CBAF3A /* TestSpy */ = {
			isa = PBXGroup;
			children = (
				8C0FD01025D68D7400CBAF3A /* Predicates */,
				8C0FD00725D68D6E00CBAF3A /* TestSpy.swift */,
			);
			path = TestSpy;
			sourceTree = "<group>";
		};
		8C0FD01025D68D7400CBAF3A /* Predicates */ = {
			isa = PBXGroup;
			children = (
				8C0FD01325D68D7A00CBAF3A /* CallstackContainer.swift */,
				8C0FD01125D68D7A00CBAF3A /* CallstackMatcher.swift */,
				8C0FD01225D68D7A00CBAF3A /* CallstackPredicate.swift */,
			);
			path = Predicates;
			sourceTree = "<group>";
		};
		8C10487225CBAF8300282A3E = {
			isa = PBXGroup;
			children = (
				8C8E1D1D25D65629006D8E73 /* README.md */,
				8C10487D25CBAF8300282A3E /* WeatherApp */,
				8C10489425CBAF8400282A3E /* WeatherAppUnitTests */,
				8C1C8BA225CE817D00438764 /* WeatherAppIntegrationTests */,
				8C3DCD4B25CE9E07001B77B4 /* WeatherAppUITests */,
				8C8E1DAB25D671D6006D8E73 /* WeatherAppSnapshotTests */,
				8C3DCDA425CEB471001B77B4 /* Common */,
				8C10487C25CBAF8300282A3E /* Products */,
				8C8E1DF625D67405006D8E73 /* Frameworks */,
				7557EC8137BAE88FF71C2D64 /* Pods */,
			);
			sourceTree = "<group>";
		};
		8C10487C25CBAF8300282A3E /* Products */ = {
			isa = PBXGroup;
			children = (
				8C10487B25CBAF8300282A3E /* WeatherApp.app */,
				8C10489125CBAF8400282A3E /* WeatherAppUnitTests.xctest */,
				8C1C8BA125CE817D00438764 /* WeatherAppIntegrationTests.xctest */,
				8C3DCD4A25CE9E07001B77B4 /* WeatherAppUITests.xctest */,
				8C8E1DAA25D671D6006D8E73 /* WeatherAppSnapshotTests.xctest */,
			);
			name = Products;
			sourceTree = "<group>";
		};
		8C10487D25CBAF8300282A3E /* WeatherApp */ = {
			isa = PBXGroup;
			children = (
				8C10487E25CBAF8300282A3E /* AppDelegate.swift */,
				8C10488025CBAF8300282A3E /* SceneDelegate.swift */,
				8C71583825E0C9EA00583CB6 /* Navigation */,
				8C8E1D3125D66316006D8E73 /* Preferences */,
				8C1048C225CBB02E00282A3E /* Module */,
				8C1048C425CBB03700282A3E /* Model */,
				8C1048C525CBB04600282A3E /* Network */,
				8C1048C625CBB05000282A3E /* Extension */,
				8C1048B125CBAF8D00282A3E /* Support Files */,
			);
			path = WeatherApp;
			sourceTree = "<group>";
		};
		8C10489425CBAF8400282A3E /* WeatherAppUnitTests */ = {
			isa = PBXGroup;
			children = (
				8C39EC0325CC456B00265F3E /* Module */,
				8C709D3225CDC5E50031755D /* Network */,
				8CFFD23225CDD18700FD7356 /* Support Files */,
			);
			path = WeatherAppUnitTests;
			sourceTree = "<group>";
		};
		8C1048B125CBAF8D00282A3E /* Support Files */ = {
			isa = PBXGroup;
			children = (
				8C02025925E75777008CF2AA /* GoogleService-Info.plist */,
				8C3DCD7325CEA81E001B77B4 /* OpenWeatherResponseLondon.json */,
				8CAB825825CE96AF0035C445 /* Testing Utils */,
				8C10488725CBAF8400282A3E /* Assets.xcassets */,
				8C10488925CBAF8400282A3E /* LaunchScreen.storyboard */,
				8C10488C25CBAF8400282A3E /* Info.plist */,
			);
			path = "Support Files";
			sourceTree = "<group>";
		};
		8C1048C225CBB02E00282A3E /* Module */ = {
			isa = PBXGroup;
			children = (
				8C71584B25E0D30E00583CB6 /* CityList */,
				8C71587925E0D3D700583CB6 /* CitySearch */,
				8C1048C325CBB03100282A3E /* Weather */,
			);
			path = Module;
			sourceTree = "<group>";
		};
		8C1048C325CBB03100282A3E /* Weather */ = {
			isa = PBXGroup;
			children = (
				8C1048E625CBB0A600282A3E /* WeatherProtocols.swift */,
				8C10493E25CBB9CD00282A3E /* ViewController */,
				8C10493F25CBB9D600282A3E /* ViewModel */,
				8C10494025CBB9DA00282A3E /* DataProvider */,
			);
			path = Weather;
			sourceTree = "<group>";
		};
		8C1048C425CBB03700282A3E /* Model */ = {
			isa = PBXGroup;
			children = (
				8C10493A25CBB8D900282A3E /* OpenWeather */,
				8C71581725E0C19E00583CB6 /* City.swift */,
			);
			path = Model;
			sourceTree = "<group>";
		};
		8C1048C525CBB04600282A3E /* Network */ = {
			isa = PBXGroup;
			children = (
				8C1048CD25CBB07D00282A3E /* APIClient.swift */,
				8C1048CC25CBB07D00282A3E /* APIRequest+Convenience.swift */,
				8C1048D325CBB08400282A3E /* URLRequest+APIRequest.swift */,
				8C1048D825CBB08900282A3E /* Model */,
			);
			path = Network;
			sourceTree = "<group>";
		};
		8C1048C625CBB05000282A3E /* Extension */ = {
			isa = PBXGroup;
			children = (
				8C39EBFE25CC371D00265F3E /* String.swift */,
				8C1048C725CBB06F00282A3E /* Formatter.swift */,
				8C39EC3125CC5D0D00265F3E /* UIViewContoller.swift */,
				8C39EC8925CD580A00265F3E /* UICollectionView.swift */,
				8CDBB10325EA36E80093CCFF /* UITableView.swift */,
				8C92AA1525CE766F00BCDB25 /* URLSession.swift */,
				8C1C8BFB25CE911500438764 /* JSONDecoder.swift */,
				8CDBB12525EA44560093CCFF /* ReusableView.swift */,
				8CF39F3325EFF34600D42DB5 /* UIColor+Palette.swift */,
			);
			path = Extension;
			sourceTree = "<group>";
		};
		8C1048D825CBB08900282A3E /* Model */ = {
			isa = PBXGroup;
			children = (
				8C1048DA25CBB09500282A3E /* APIRequest.swift */,
				8C1048DB25CBB09500282A3E /* APIError.swift */,
				8C1048D925CBB09500282A3E /* ContentType.swift */,
				8C1048DC25CBB09500282A3E /* HeaderField.swift */,
			);
			path = Model;
			sourceTree = "<group>";
		};
		8C1048EF25CBB0AE00282A3E /* Model */ = {
			isa = PBXGroup;
			children = (
				8C1048F125CBB0B900282A3E /* ForecastViewDataModel.swift */,
				8C39EBEC25CC2D4100265F3E /* WeatherViewSection.swift */,
			);
			path = Model;
			sourceTree = "<group>";
		};
		8C10493A25CBB8D900282A3E /* OpenWeather */ = {
			isa = PBXGroup;
			children = (
				8C947C4E25E38842000718C6 /* OpenWeatherOneCall.swift */,
				8C39EC8425CD4B6B00265F3E /* OpenWeatherForecastIcon.swift */,
			);
			path = OpenWeather;
			sourceTree = "<group>";
		};
		8C10493E25CBB9CD00282A3E /* ViewController */ = {
			isa = PBXGroup;
			children = (
				8C10488225CBAF8300282A3E /* WeatherViewController.swift */,
				8C39EBD825CBED5900265F3E /* WeatherCollectionViewLayout.swift */,
				8C39EBDF25CC2C8E00265F3E /* View */,
			);
			path = ViewController;
			sourceTree = "<group>";
		};
		8C10493F25CBB9D600282A3E /* ViewModel */ = {
			isa = PBXGroup;
			children = (
				8C1048E725CBB0A600282A3E /* WeatherViewModel.swift */,
				8C39EC8E25CD5D8200265F3E /* WeatherViewModelMapper.swift */,
				8C1048EF25CBB0AE00282A3E /* Model */,
			);
			path = ViewModel;
			sourceTree = "<group>";
		};
		8C10494025CBB9DA00282A3E /* DataProvider */ = {
			isa = PBXGroup;
			children = (
				8C7158AA25E0D8E900583CB6 /* WeatherProvider.swift */,
			);
			path = DataProvider;
			sourceTree = "<group>";
		};
		8C1C8BA225CE817D00438764 /* WeatherAppIntegrationTests */ = {
			isa = PBXGroup;
			children = (
				8C1C8BC225CE828F00438764 /* Module */,
				8C1C8BC625CE829900438764 /* Support Files */,
			);
			path = WeatherAppIntegrationTests;
			sourceTree = "<group>";
		};
		8C1C8BC225CE828F00438764 /* Module */ = {
			isa = PBXGroup;
			children = (
				8C1C8BCA25CE82D200438764 /* Weather */,
			);
			path = Module;
			sourceTree = "<group>";
		};
		8C1C8BC625CE829900438764 /* Support Files */ = {
			isa = PBXGroup;
			children = (
				8C1C8BA525CE817D00438764 /* Info.plist */,
			);
			path = "Support Files";
			sourceTree = "<group>";
		};
		8C1C8BCA25CE82D200438764 /* Weather */ = {
			isa = PBXGroup;
			children = (
				8C1C8BCB25CE82E700438764 /* WeatherModuleIntegrationTests.swift */,
			);
			path = Weather;
			sourceTree = "<group>";
		};
		8C34929625D6D11800E739E4 /* Extension */ = {
			isa = PBXGroup;
			children = (
				8C34929725D6D12800E739E4 /* XCTestCase.swift */,
			);
			path = Extension;
			sourceTree = "<group>";
		};
		8C39EBDF25CC2C8E00265F3E /* View */ = {
			isa = PBXGroup;
			children = (
				8C39EBF425CC32F700265F3E /* CityCollectionViewCell.swift */,
				8C39EBF525CC32F700265F3E /* CityCollectionViewCell.xib */,
				8C39EBE025CC2CD200265F3E /* TemperatureCollectionViewCell.swift */,
				8C39EBE125CC2CD200265F3E /* TemperatureCollectionViewCell.xib */,
				8C39EBE325CC2CD200265F3E /* HourForecastCollectionViewCell.swift */,
				8C39EBE225CC2CD200265F3E /* HourForecastCollectionViewCell.xib */,
				8C39EC7825CD2EE300265F3E /* ActivityIndicatorCollectionViewCell.swift */,
				8C39EC7925CD2EE300265F3E /* ActivityIndicatorCollectionViewCell.xib */,
			);
			path = View;
			sourceTree = "<group>";
		};
		8C39EC0325CC456B00265F3E /* Module */ = {
			isa = PBXGroup;
			children = (
				8C39EC0425CC457200265F3E /* Weather */,
			);
			path = Module;
			sourceTree = "<group>";
		};
		8C39EC0425CC457200265F3E /* Weather */ = {
			isa = PBXGroup;
			children = (
				8C9EED3C25CD9E4700F15BFA /* ViewModel */,
				8C9C0A4D25D026B000129718 /* DataProvider */,
			);
			path = Weather;
			sourceTree = "<group>";
		};
		8C3DCD4B25CE9E07001B77B4 /* WeatherAppUITests */ = {
			isa = PBXGroup;
			children = (
				8C3DCD5D25CE9E16001B77B4 /* WeatherModuleUITests.swift */,
				8C3DCD6725CE9F21001B77B4 /* Support Files */,
			);
			path = WeatherAppUITests;
			sourceTree = "<group>";
		};
		8C3DCD6725CE9F21001B77B4 /* Support Files */ = {
			isa = PBXGroup;
			children = (
				8C3DCD4E25CE9E07001B77B4 /* Info.plist */,
			);
			path = "Support Files";
			sourceTree = "<group>";
		};
		8C3DCDA425CEB471001B77B4 /* Common */ = {
			isa = PBXGroup;
			children = (
				8C3DCDA525CEB484001B77B4 /* UITestTag.swift */,
				8C578D1225CD8377008C6786 /* Spy */,
				8C0FD00625D68D1200CBAF3A /* TestSpy */,
				8C8E1DDB25D67312006D8E73 /* Sourcery */,
			);
			path = Common;
			sourceTree = "<group>";
		};
		8C578D1225CD8377008C6786 /* Spy */ = {
			isa = PBXGroup;
			children = (
				8C92A9C325CE5C6C00BCDB25 /* Spies.swift */,
			);
			path = Spy;
			sourceTree = "<group>";
		};
		8C709D3225CDC5E50031755D /* Network */ = {
			isa = PBXGroup;
			children = (
				8C709D3325CDC5F80031755D /* APIClientTest.swift */,
				8CECB72D25CE4C8A0022A2D8 /* APIRequestTests.swift */,
			);
			path = Network;
			sourceTree = "<group>";
		};
		8C71583825E0C9EA00583CB6 /* Navigation */ = {
			isa = PBXGroup;
			children = (
				8C71581025E0C14300583CB6 /* Wireframe.swift */,
				8C71583125E0C9E400583CB6 /* UITestsWireframe.swift */,
			);
			path = Navigation;
			sourceTree = "<group>";
		};
		8C71584B25E0D30E00583CB6 /* CityList */ = {
			isa = PBXGroup;
			children = (
				8C71585025E0D35300583CB6 /* CityListProtocols.swift */,
				8C71584C25E0D31F00583CB6 /* ViewController */,
				8C71584D25E0D32700583CB6 /* ViewModel */,
			);
			path = CityList;
			sourceTree = "<group>";
		};
		8C71584C25E0D31F00583CB6 /* ViewController */ = {
			isa = PBXGroup;
			children = (
				8C71585725E0D35A00583CB6 /* CityListViewController.swift */,
				8C71584E25E0D32F00583CB6 /* View */,
			);
			path = ViewController;
			sourceTree = "<group>";
		};
		8C71584D25E0D32700583CB6 /* ViewModel */ = {
			isa = PBXGroup;
			children = (
				8C71586B25E0D36A00583CB6 /* CityListViewModel.swift */,
			);
			path = ViewModel;
			sourceTree = "<group>";
		};
		8C71584E25E0D32F00583CB6 /* View */ = {
			isa = PBXGroup;
			children = (
				8C71586125E0D36100583CB6 /* CityListFooterView.swift */,
				8C71586025E0D36100583CB6 /* CityListFooterView.xib */,
				8C71585F25E0D36100583CB6 /* CityTableViewCell.swift */,
				8C71585E25E0D36100583CB6 /* CityTableViewCell.xib */,
			);
			path = View;
			sourceTree = "<group>";
		};
		8C71587925E0D3D700583CB6 /* CitySearch */ = {
			isa = PBXGroup;
			children = (
				8C71587A25E0D3F500583CB6 /* CitySearchProtocols.swift */,
				8C71588125E0D3FB00583CB6 /* ViewController */,
				8C71588225E0D3FF00583CB6 /* ViewModel */,
				8CF7B10325F0AAC400AC60B6 /* DataProvider */,
			);
			path = CitySearch;
			sourceTree = "<group>";
		};
		8C71588125E0D3FB00583CB6 /* ViewController */ = {
			isa = PBXGroup;
			children = (
				8C71588425E0D41500583CB6 /* CitySearchViewController.swift */,
			);
			path = ViewController;
			sourceTree = "<group>";
		};
		8C71588225E0D3FF00583CB6 /* ViewModel */ = {
			isa = PBXGroup;
			children = (
				8C124BFC25EF8D95001AECB3 /* CitySearchViewModel.swift */,
			);
			path = ViewModel;
			sourceTree = "<group>";
		};
		8C8E1D3125D66316006D8E73 /* Preferences */ = {
			isa = PBXGroup;
			children = (
				8C8E1D3225D6632D006D8E73 /* ApplicationPreferences.swift */,
				8C7F492725F5F8CF0069279D /* UserPreferences.swift */,
				8C8E1D5125D664B8006D8E73 /* Secrets.plist */,
			);
			path = Preferences;
			sourceTree = "<group>";
		};
		8C8E1DAB25D671D6006D8E73 /* WeatherAppSnapshotTests */ = {
			isa = PBXGroup;
			children = (
				8C8E1DC725D6726D006D8E73 /* Module */,
				8C8E1DB925D671E6006D8E73 /* Support Files */,
			);
			path = WeatherAppSnapshotTests;
			sourceTree = "<group>";
		};
		8C8E1DB925D671E6006D8E73 /* Support Files */ = {
			isa = PBXGroup;
			children = (
				8C34929625D6D11800E739E4 /* Extension */,
				8C8E1DAE25D671D6006D8E73 /* Info.plist */,
			);
			path = "Support Files";
			sourceTree = "<group>";
		};
		8C8E1DC725D6726D006D8E73 /* Module */ = {
			isa = PBXGroup;
			children = (
				8C8E1DC825D67278006D8E73 /* Weather */,
			);
			path = Module;
			sourceTree = "<group>";
		};
		8C8E1DC825D67278006D8E73 /* Weather */ = {
			isa = PBXGroup;
			children = (
				8C8E1DCA25D6729B006D8E73 /* WeatherViewControllerSnapShotTests.swift */,
			);
			path = Weather;
			sourceTree = "<group>";
		};
		8C8E1DDB25D67312006D8E73 /* Sourcery */ = {
			isa = PBXGroup;
			children = (
				8C8E1CFA25D651D2006D8E73 /* AutoSpy.stencil */,
				8C8E1DDC25D67317006D8E73 /* Autogenerated */,
			);
			path = Sourcery;
			sourceTree = "<group>";
		};
		8C8E1DDC25D67317006D8E73 /* Autogenerated */ = {
			isa = PBXGroup;
			children = (
				8C8E1DE825D673B9006D8E73 /* AutoSpy.generated.swift */,
			);
			path = Autogenerated;
			sourceTree = "<group>";
		};
		8C8E1DF625D67405006D8E73 /* Frameworks */ = {
			isa = PBXGroup;
			children = (
				0EDBB2D5C1BD986E293A6325 /* Pods_WeatherApp.framework */,
				965B2DA5624DEB32CB9C508E /* Pods_WeatherApp_WeatherAppUITests.framework */,
				D0AE918C772F0F04A0DF3DD7 /* Pods_WeatherAppIntegrationTests.framework */,
				B0B451046688780210A10EE1 /* Pods_WeatherAppSnapshotTests.framework */,
				7144BD179762F18A8B1F333F /* Pods_WeatherAppUnitTests.framework */,
			);
			name = Frameworks;
			sourceTree = "<group>";
		};
		8C9C0A4D25D026B000129718 /* DataProvider */ = {
			isa = PBXGroup;
			children = (
				8C92A9C825CE629200BCDB25 /* WeatherProviderTests.swift */,
			);
			path = DataProvider;
			sourceTree = "<group>";
		};
		8C9EED3C25CD9E4700F15BFA /* ViewModel */ = {
			isa = PBXGroup;
			children = (
				8C9EED4725CDA52A00F15BFA /* WeatherViewModelTests.swift */,
				8C9EED3E25CD9E5C00F15BFA /* WeatherViewModelMapperTests.swift */,
			);
			path = ViewModel;
			sourceTree = "<group>";
		};
		8CAB825825CE96AF0035C445 /* Testing Utils */ = {
			isa = PBXGroup;
			children = (
				8C3DCD7225CEA81E001B77B4 /* HTTPStubProtocol.swift */,
				8C3DCDB125CEB65C001B77B4 /* WeatherViewModelMockFactory.swift */,
				8C3DCD7125CEA81E001B77B4 /* WeatherViewDataModelMock.swift */,
				8C3DCD7525CEA81E001B77B4 /* OpenWeatherMocks.swift */,
				8C3DCD7025CEA81E001B77B4 /* OpenWeatherAPIErrorMock.json */,
				8C28C7D225CEE01F00A14AD6 /* OpenWeatherResponseMadrid.json */,
			);
			path = "Testing Utils";
			sourceTree = "<group>";
		};
		8CF7B10325F0AAC400AC60B6 /* DataProvider */ = {
			isa = PBXGroup;
			children = (
				8CF7B10425F0AAE500AC60B6 /* CitySearchProvider.swift */,
			);
			path = DataProvider;
			sourceTree = "<group>";
		};
		8CFFD23225CDD18700FD7356 /* Support Files */ = {
			isa = PBXGroup;
			children = (
				8C3DCD7625CEA81E001B77B4 /* TestModel.swift */,
				8C92A9B825CE564200BCDB25 /* Info.plist */,
			);
			path = "Support Files";
			sourceTree = "<group>";
		};
/* End PBXGroup section */

/* Begin PBXNativeTarget section */
		8C10487A25CBAF8300282A3E /* WeatherApp */ = {
			isa = PBXNativeTarget;
			buildConfigurationList = 8C1048A525CBAF8400282A3E /* Build configuration list for PBXNativeTarget "WeatherApp" */;
			buildPhases = (
				732DD67BA2EEA2540B9FCB94 /* [CP] Check Pods Manifest.lock */,
				8C8E1D3825D66359006D8E73 /* Build Scripts */,
				8C18112C25E0F1B8009940DE /* Copy Paste Detector */,
				8C10487725CBAF8300282A3E /* Sources */,
				8C10487825CBAF8300282A3E /* Frameworks */,
				8C10487925CBAF8300282A3E /* Resources */,
				D6D562F1F87C94920CBCA917 /* [CP] Embed Pods Frameworks */,
				8C2A034D25E766540023B8AD /* Crashlytics */,
			);
			buildRules = (
			);
			dependencies = (
			);
			name = WeatherApp;
			productName = WeatherApp;
			productReference = 8C10487B25CBAF8300282A3E /* WeatherApp.app */;
			productType = "com.apple.product-type.application";
		};
		8C10489025CBAF8400282A3E /* WeatherAppUnitTests */ = {
			isa = PBXNativeTarget;
			buildConfigurationList = 8C1048A825CBAF8400282A3E /* Build configuration list for PBXNativeTarget "WeatherAppUnitTests" */;
			buildPhases = (
				BFBBB109A8EE1F2DB5C5FE44 /* [CP] Check Pods Manifest.lock */,
				8C10488D25CBAF8400282A3E /* Sources */,
				8C10488E25CBAF8400282A3E /* Frameworks */,
				8C10488F25CBAF8400282A3E /* Resources */,
			);
			buildRules = (
			);
			dependencies = (
				8C10489325CBAF8400282A3E /* PBXTargetDependency */,
			);
			name = WeatherAppUnitTests;
			productName = WeatherAppTests;
			productReference = 8C10489125CBAF8400282A3E /* WeatherAppUnitTests.xctest */;
			productType = "com.apple.product-type.bundle.unit-test";
		};
		8C1C8BA025CE817D00438764 /* WeatherAppIntegrationTests */ = {
			isa = PBXNativeTarget;
			buildConfigurationList = 8C1C8BA825CE817D00438764 /* Build configuration list for PBXNativeTarget "WeatherAppIntegrationTests" */;
			buildPhases = (
				E168BD679108D24FB0DDEE5E /* [CP] Check Pods Manifest.lock */,
				8C1C8B9D25CE817D00438764 /* Sources */,
				8C1C8B9E25CE817D00438764 /* Frameworks */,
				8C1C8B9F25CE817D00438764 /* Resources */,
			);
			buildRules = (
			);
			dependencies = (
				8C1C8BA725CE817D00438764 /* PBXTargetDependency */,
			);
			name = WeatherAppIntegrationTests;
			productName = WeatherAppIntegrationTests;
			productReference = 8C1C8BA125CE817D00438764 /* WeatherAppIntegrationTests.xctest */;
			productType = "com.apple.product-type.bundle.unit-test";
		};
		8C3DCD4925CE9E07001B77B4 /* WeatherAppUITests */ = {
			isa = PBXNativeTarget;
			buildConfigurationList = 8C3DCD5125CE9E07001B77B4 /* Build configuration list for PBXNativeTarget "WeatherAppUITests" */;
			buildPhases = (
				1FFE4A692F43EDE9E7364D46 /* [CP] Check Pods Manifest.lock */,
				8C3DCD4625CE9E07001B77B4 /* Sources */,
				8C3DCD4725CE9E07001B77B4 /* Frameworks */,
				8C3DCD4825CE9E07001B77B4 /* Resources */,
				8C8C1378251347ED5753C996 /* [CP] Embed Pods Frameworks */,
			);
			buildRules = (
			);
			dependencies = (
				8C3DCD5025CE9E07001B77B4 /* PBXTargetDependency */,
			);
			name = WeatherAppUITests;
			productName = WeatherAppUITests;
			productReference = 8C3DCD4A25CE9E07001B77B4 /* WeatherAppUITests.xctest */;
			productType = "com.apple.product-type.bundle.ui-testing";
		};
		8C8E1DA925D671D6006D8E73 /* WeatherAppSnapshotTests */ = {
			isa = PBXNativeTarget;
			buildConfigurationList = 8C8E1DB125D671D6006D8E73 /* Build configuration list for PBXNativeTarget "WeatherAppSnapshotTests" */;
			buildPhases = (
				EF3DC63574282855C2204C9D /* [CP] Check Pods Manifest.lock */,
				8C8E1DA625D671D6006D8E73 /* Sources */,
				8C8E1DA725D671D6006D8E73 /* Frameworks */,
				8C8E1DA825D671D6006D8E73 /* Resources */,
				44B5668431A382558F2722F7 /* [CP] Embed Pods Frameworks */,
			);
			buildRules = (
			);
			dependencies = (
				8C8E1DB025D671D6006D8E73 /* PBXTargetDependency */,
			);
			name = WeatherAppSnapshotTests;
			productName = WeatherAppSnapshotTests;
			productReference = 8C8E1DAA25D671D6006D8E73 /* WeatherAppSnapshotTests.xctest */;
			productType = "com.apple.product-type.bundle.unit-test";
		};
/* End PBXNativeTarget section */

/* Begin PBXProject section */
		8C10487325CBAF8300282A3E /* Project object */ = {
			isa = PBXProject;
			attributes = {
				LastSwiftUpdateCheck = 1230;
				LastUpgradeCheck = 1230;
				TargetAttributes = {
					8C10487A25CBAF8300282A3E = {
						CreatedOnToolsVersion = 12.3;
					};
					8C10489025CBAF8400282A3E = {
						CreatedOnToolsVersion = 12.3;
						LastSwiftMigration = 1230;
						TestTargetID = 8C10487A25CBAF8300282A3E;
					};
					8C1C8BA025CE817D00438764 = {
						CreatedOnToolsVersion = 12.3;
						LastSwiftMigration = 1230;
						TestTargetID = 8C10487A25CBAF8300282A3E;
					};
					8C3DCD4925CE9E07001B77B4 = {
						CreatedOnToolsVersion = 12.3;
						LastSwiftMigration = 1230;
						TestTargetID = 8C10487A25CBAF8300282A3E;
					};
					8C8E1DA925D671D6006D8E73 = {
						CreatedOnToolsVersion = 12.3;
						LastSwiftMigration = 1230;
						TestTargetID = 8C10487A25CBAF8300282A3E;
					};
				};
			};
			buildConfigurationList = 8C10487625CBAF8300282A3E /* Build configuration list for PBXProject "WeatherApp" */;
			compatibilityVersion = "Xcode 9.3";
			developmentRegion = en;
			hasScannedForEncodings = 0;
			knownRegions = (
				en,
				Base,
			);
			mainGroup = 8C10487225CBAF8300282A3E;
			productRefGroup = 8C10487C25CBAF8300282A3E /* Products */;
			projectDirPath = "";
			projectRoot = "";
			targets = (
				8C10487A25CBAF8300282A3E /* WeatherApp */,
				8C10489025CBAF8400282A3E /* WeatherAppUnitTests */,
				8C1C8BA025CE817D00438764 /* WeatherAppIntegrationTests */,
				8C3DCD4925CE9E07001B77B4 /* WeatherAppUITests */,
				8C8E1DA925D671D6006D8E73 /* WeatherAppSnapshotTests */,
			);
		};
/* End PBXProject section */

/* Begin PBXResourcesBuildPhase section */
		8C10487925CBAF8300282A3E /* Resources */ = {
			isa = PBXResourcesBuildPhase;
			buildActionMask = 2147483647;
			files = (
				8C02025A25E75777008CF2AA /* GoogleService-Info.plist in Resources */,
				8C28C7D325CEE01F00A14AD6 /* OpenWeatherResponseMadrid.json in Resources */,
				8C39EC7B25CD2EE300265F3E /* ActivityIndicatorCollectionViewCell.xib in Resources */,
				8C3DCD7B25CEA81E001B77B4 /* OpenWeatherResponseLondon.json in Resources */,
				8C10488B25CBAF8400282A3E /* LaunchScreen.storyboard in Resources */,
				8C39EBF725CC32F700265F3E /* CityCollectionViewCell.xib in Resources */,
				8C39EBE625CC2CD200265F3E /* HourForecastCollectionViewCell.xib in Resources */,
				8C71586425E0D36100583CB6 /* CityListFooterView.xib in Resources */,
				8C8E1D5225D664B8006D8E73 /* Secrets.plist in Resources */,
				8C3DCD7825CEA81E001B77B4 /* OpenWeatherAPIErrorMock.json in Resources */,
				8C71586225E0D36100583CB6 /* CityTableViewCell.xib in Resources */,
				8C39EBE525CC2CD200265F3E /* TemperatureCollectionViewCell.xib in Resources */,
				8C10488825CBAF8400282A3E /* Assets.xcassets in Resources */,
			);
			runOnlyForDeploymentPostprocessing = 0;
		};
		8C10488F25CBAF8400282A3E /* Resources */ = {
			isa = PBXResourcesBuildPhase;
			buildActionMask = 2147483647;
			files = (
			);
			runOnlyForDeploymentPostprocessing = 0;
		};
		8C1C8B9F25CE817D00438764 /* Resources */ = {
			isa = PBXResourcesBuildPhase;
			buildActionMask = 2147483647;
			files = (
			);
			runOnlyForDeploymentPostprocessing = 0;
		};
		8C3DCD4825CE9E07001B77B4 /* Resources */ = {
			isa = PBXResourcesBuildPhase;
			buildActionMask = 2147483647;
			files = (
			);
			runOnlyForDeploymentPostprocessing = 0;
		};
		8C8E1DA825D671D6006D8E73 /* Resources */ = {
			isa = PBXResourcesBuildPhase;
			buildActionMask = 2147483647;
			files = (
			);
			runOnlyForDeploymentPostprocessing = 0;
		};
/* End PBXResourcesBuildPhase section */

/* Begin PBXShellScriptBuildPhase section */
		1FFE4A692F43EDE9E7364D46 /* [CP] Check Pods Manifest.lock */ = {
			isa = PBXShellScriptBuildPhase;
			buildActionMask = 2147483647;
			files = (
			);
			inputFileListPaths = (
			);
			inputPaths = (
				"${PODS_PODFILE_DIR_PATH}/Podfile.lock",
				"${PODS_ROOT}/Manifest.lock",
			);
			name = "[CP] Check Pods Manifest.lock";
			outputFileListPaths = (
			);
			outputPaths = (
				"$(DERIVED_FILE_DIR)/Pods-WeatherApp-WeatherAppUITests-checkManifestLockResult.txt",
			);
			runOnlyForDeploymentPostprocessing = 0;
			shellPath = /bin/sh;
			shellScript = "diff \"${PODS_PODFILE_DIR_PATH}/Podfile.lock\" \"${PODS_ROOT}/Manifest.lock\" > /dev/null\nif [ $? != 0 ] ; then\n    # print error to STDERR\n    echo \"error: The sandbox is not in sync with the Podfile.lock. Run 'pod install' or update your CocoaPods installation.\" >&2\n    exit 1\nfi\n# This output is used by Xcode 'outputs' to avoid re-running this script phase.\necho \"SUCCESS\" > \"${SCRIPT_OUTPUT_FILE_0}\"\n";
			showEnvVarsInLog = 0;
		};
		44B5668431A382558F2722F7 /* [CP] Embed Pods Frameworks */ = {
			isa = PBXShellScriptBuildPhase;
			buildActionMask = 2147483647;
			files = (
			);
			inputFileListPaths = (
				"${PODS_ROOT}/Target Support Files/Pods-WeatherAppSnapshotTests/Pods-WeatherAppSnapshotTests-frameworks-${CONFIGURATION}-input-files.xcfilelist",
			);
			name = "[CP] Embed Pods Frameworks";
			outputFileListPaths = (
				"${PODS_ROOT}/Target Support Files/Pods-WeatherAppSnapshotTests/Pods-WeatherAppSnapshotTests-frameworks-${CONFIGURATION}-output-files.xcfilelist",
			);
			runOnlyForDeploymentPostprocessing = 0;
			shellPath = /bin/sh;
			shellScript = "\"${PODS_ROOT}/Target Support Files/Pods-WeatherAppSnapshotTests/Pods-WeatherAppSnapshotTests-frameworks.sh\"\n";
			showEnvVarsInLog = 0;
		};
		732DD67BA2EEA2540B9FCB94 /* [CP] Check Pods Manifest.lock */ = {
			isa = PBXShellScriptBuildPhase;
			buildActionMask = 2147483647;
			files = (
			);
			inputFileListPaths = (
			);
			inputPaths = (
				"${PODS_PODFILE_DIR_PATH}/Podfile.lock",
				"${PODS_ROOT}/Manifest.lock",
			);
			name = "[CP] Check Pods Manifest.lock";
			outputFileListPaths = (
			);
			outputPaths = (
				"$(DERIVED_FILE_DIR)/Pods-WeatherApp-checkManifestLockResult.txt",
			);
			runOnlyForDeploymentPostprocessing = 0;
			shellPath = /bin/sh;
			shellScript = "diff \"${PODS_PODFILE_DIR_PATH}/Podfile.lock\" \"${PODS_ROOT}/Manifest.lock\" > /dev/null\nif [ $? != 0 ] ; then\n    # print error to STDERR\n    echo \"error: The sandbox is not in sync with the Podfile.lock. Run 'pod install' or update your CocoaPods installation.\" >&2\n    exit 1\nfi\n# This output is used by Xcode 'outputs' to avoid re-running this script phase.\necho \"SUCCESS\" > \"${SCRIPT_OUTPUT_FILE_0}\"\n";
			showEnvVarsInLog = 0;
		};
		8C18112C25E0F1B8009940DE /* Copy Paste Detector */ = {
			isa = PBXShellScriptBuildPhase;
			buildActionMask = 2147483647;
			files = (
			);
			inputFileListPaths = (
			);
			inputPaths = (
			);
			name = "Copy Paste Detector";
			outputFileListPaths = (
			);
			outputPaths = (
			);
			runOnlyForDeploymentPostprocessing = 0;
			shellPath = /bin/sh;
			shellScript = "DIR1=\"WeatherApp\"\n\nPMD=\"$HOME/Scripts/pmd-bin-6.30.0/bin/run.sh\"\nCPD=\"$HOME/Scripts/cpd_script.php\"\n\nif [ -f $PMD ] && [ -f $CPD ] && which php >/dev/null; then\n    $PMD cpd --files $DIR1 --minimum-tokens 60 --language swift --encoding UTF-8 --format net.sourceforge.pmd.cpd.XMLRenderer --failOnViolation true > cpd-output.xml\n    php $HOME/Scripts/cpd_script.php -cpd-xml cpd-output.xml\n    rm cpd-output.xml\nfi\n";
		};
		8C2A034D25E766540023B8AD /* Crashlytics */ = {
			isa = PBXShellScriptBuildPhase;
			buildActionMask = 2147483647;
			files = (
			);
			inputFileListPaths = (
			);
			inputPaths = (
				"${DWARF_DSYM_FOLDER_PATH}/${DWARF_DSYM_FILE_NAME}/Contents/Resources/DWARF/${TARGET_NAME}",
				"$(SRCROOT)/$(BUILT_PRODUCTS_DIR)/$(INFOPLIST_PATH)",
			);
			name = Crashlytics;
			outputFileListPaths = (
			);
			outputPaths = (
			);
			runOnlyForDeploymentPostprocessing = 0;
			shellPath = /bin/sh;
			shellScript = "\"${PODS_ROOT}/FirebaseCrashlytics/run\"\n";
		};
		8C8C1378251347ED5753C996 /* [CP] Embed Pods Frameworks */ = {
			isa = PBXShellScriptBuildPhase;
			buildActionMask = 2147483647;
			files = (
			);
			inputFileListPaths = (
				"${PODS_ROOT}/Target Support Files/Pods-WeatherApp-WeatherAppUITests/Pods-WeatherApp-WeatherAppUITests-frameworks-${CONFIGURATION}-input-files.xcfilelist",
			);
			name = "[CP] Embed Pods Frameworks";
			outputFileListPaths = (
				"${PODS_ROOT}/Target Support Files/Pods-WeatherApp-WeatherAppUITests/Pods-WeatherApp-WeatherAppUITests-frameworks-${CONFIGURATION}-output-files.xcfilelist",
			);
			runOnlyForDeploymentPostprocessing = 0;
			shellPath = /bin/sh;
			shellScript = "\"${PODS_ROOT}/Target Support Files/Pods-WeatherApp-WeatherAppUITests/Pods-WeatherApp-WeatherAppUITests-frameworks.sh\"\n";
			showEnvVarsInLog = 0;
		};
		8C8E1D3825D66359006D8E73 /* Build Scripts */ = {
			isa = PBXShellScriptBuildPhase;
			buildActionMask = 2147483647;
			files = (
			);
			inputFileListPaths = (
			);
			inputPaths = (
			);
			name = "Build Scripts";
			outputFileListPaths = (
			);
			outputPaths = (
			);
			runOnlyForDeploymentPostprocessing = 0;
			shellPath = /bin/sh;
			shellScript = "./Scripts/Build-Phases/sourcery.sh\n./Scripts/Build-Phases/swiftlint.sh\n./Scripts/Build-Phases/copy_secrets.sh\n";
			showEnvVarsInLog = 0;
		};
		BFBBB109A8EE1F2DB5C5FE44 /* [CP] Check Pods Manifest.lock */ = {
			isa = PBXShellScriptBuildPhase;
			buildActionMask = 2147483647;
			files = (
			);
			inputFileListPaths = (
			);
			inputPaths = (
				"${PODS_PODFILE_DIR_PATH}/Podfile.lock",
				"${PODS_ROOT}/Manifest.lock",
			);
			name = "[CP] Check Pods Manifest.lock";
			outputFileListPaths = (
			);
			outputPaths = (
				"$(DERIVED_FILE_DIR)/Pods-WeatherAppUnitTests-checkManifestLockResult.txt",
			);
			runOnlyForDeploymentPostprocessing = 0;
			shellPath = /bin/sh;
			shellScript = "diff \"${PODS_PODFILE_DIR_PATH}/Podfile.lock\" \"${PODS_ROOT}/Manifest.lock\" > /dev/null\nif [ $? != 0 ] ; then\n    # print error to STDERR\n    echo \"error: The sandbox is not in sync with the Podfile.lock. Run 'pod install' or update your CocoaPods installation.\" >&2\n    exit 1\nfi\n# This output is used by Xcode 'outputs' to avoid re-running this script phase.\necho \"SUCCESS\" > \"${SCRIPT_OUTPUT_FILE_0}\"\n";
			showEnvVarsInLog = 0;
		};
		D6D562F1F87C94920CBCA917 /* [CP] Embed Pods Frameworks */ = {
			isa = PBXShellScriptBuildPhase;
			buildActionMask = 2147483647;
			files = (
			);
			inputFileListPaths = (
				"${PODS_ROOT}/Target Support Files/Pods-WeatherApp/Pods-WeatherApp-frameworks-${CONFIGURATION}-input-files.xcfilelist",
			);
			name = "[CP] Embed Pods Frameworks";
			outputFileListPaths = (
				"${PODS_ROOT}/Target Support Files/Pods-WeatherApp/Pods-WeatherApp-frameworks-${CONFIGURATION}-output-files.xcfilelist",
			);
			runOnlyForDeploymentPostprocessing = 0;
			shellPath = /bin/sh;
			shellScript = "\"${PODS_ROOT}/Target Support Files/Pods-WeatherApp/Pods-WeatherApp-frameworks.sh\"\n";
			showEnvVarsInLog = 0;
		};
		E168BD679108D24FB0DDEE5E /* [CP] Check Pods Manifest.lock */ = {
			isa = PBXShellScriptBuildPhase;
			buildActionMask = 2147483647;
			files = (
			);
			inputFileListPaths = (
			);
			inputPaths = (
				"${PODS_PODFILE_DIR_PATH}/Podfile.lock",
				"${PODS_ROOT}/Manifest.lock",
			);
			name = "[CP] Check Pods Manifest.lock";
			outputFileListPaths = (
			);
			outputPaths = (
				"$(DERIVED_FILE_DIR)/Pods-WeatherAppIntegrationTests-checkManifestLockResult.txt",
			);
			runOnlyForDeploymentPostprocessing = 0;
			shellPath = /bin/sh;
			shellScript = "diff \"${PODS_PODFILE_DIR_PATH}/Podfile.lock\" \"${PODS_ROOT}/Manifest.lock\" > /dev/null\nif [ $? != 0 ] ; then\n    # print error to STDERR\n    echo \"error: The sandbox is not in sync with the Podfile.lock. Run 'pod install' or update your CocoaPods installation.\" >&2\n    exit 1\nfi\n# This output is used by Xcode 'outputs' to avoid re-running this script phase.\necho \"SUCCESS\" > \"${SCRIPT_OUTPUT_FILE_0}\"\n";
			showEnvVarsInLog = 0;
		};
		EF3DC63574282855C2204C9D /* [CP] Check Pods Manifest.lock */ = {
			isa = PBXShellScriptBuildPhase;
			buildActionMask = 2147483647;
			files = (
			);
			inputFileListPaths = (
			);
			inputPaths = (
				"${PODS_PODFILE_DIR_PATH}/Podfile.lock",
				"${PODS_ROOT}/Manifest.lock",
			);
			name = "[CP] Check Pods Manifest.lock";
			outputFileListPaths = (
			);
			outputPaths = (
				"$(DERIVED_FILE_DIR)/Pods-WeatherAppSnapshotTests-checkManifestLockResult.txt",
			);
			runOnlyForDeploymentPostprocessing = 0;
			shellPath = /bin/sh;
			shellScript = "diff \"${PODS_PODFILE_DIR_PATH}/Podfile.lock\" \"${PODS_ROOT}/Manifest.lock\" > /dev/null\nif [ $? != 0 ] ; then\n    # print error to STDERR\n    echo \"error: The sandbox is not in sync with the Podfile.lock. Run 'pod install' or update your CocoaPods installation.\" >&2\n    exit 1\nfi\n# This output is used by Xcode 'outputs' to avoid re-running this script phase.\necho \"SUCCESS\" > \"${SCRIPT_OUTPUT_FILE_0}\"\n";
			showEnvVarsInLog = 0;
		};
/* End PBXShellScriptBuildPhase section */

/* Begin PBXSourcesBuildPhase section */
		8C10487725CBAF8300282A3E /* Sources */ = {
			isa = PBXSourcesBuildPhase;
			buildActionMask = 2147483647;
			files = (
				8C39EBE725CC2CD200265F3E /* HourForecastCollectionViewCell.swift in Sources */,
				8C3DCD7D25CEA81E001B77B4 /* OpenWeatherMocks.swift in Sources */,
				8C71586C25E0D36A00583CB6 /* CityListViewModel.swift in Sources */,
				8C39EBF625CC32F700265F3E /* CityCollectionViewCell.swift in Sources */,
				8C39EC7A25CD2EE300265F3E /* ActivityIndicatorCollectionViewCell.swift in Sources */,
				8CF7B10525F0AAE500AC60B6 /* CitySearchProvider.swift in Sources */,
				8C71581825E0C19E00583CB6 /* City.swift in Sources */,
				8C39EC8F25CD5D8200265F3E /* WeatherViewModelMapper.swift in Sources */,
				8CF39F3425EFF34600D42DB5 /* UIColor+Palette.swift in Sources */,
				8C71586525E0D36100583CB6 /* CityListFooterView.swift in Sources */,
				8C7F492825F5F8CF0069279D /* UserPreferences.swift in Sources */,
				8C39EC8525CD4B6B00265F3E /* OpenWeatherForecastIcon.swift in Sources */,
				8C3DCD7A25CEA81E001B77B4 /* HTTPStubProtocol.swift in Sources */,
				8C3DCDB225CEB65C001B77B4 /* WeatherViewModelMockFactory.swift in Sources */,
				8C71585125E0D35300583CB6 /* CityListProtocols.swift in Sources */,
				8C947C4F25E38842000718C6 /* OpenWeatherOneCall.swift in Sources */,
				8C124BFD25EF8D95001AECB3 /* CitySearchViewModel.swift in Sources */,
				8C1C8BFC25CE911500438764 /* JSONDecoder.swift in Sources */,
				8C10488325CBAF8300282A3E /* WeatherViewController.swift in Sources */,
				8C71585825E0D35A00583CB6 /* CityListViewController.swift in Sources */,
				8C1048DD25CBB09500282A3E /* ContentType.swift in Sources */,
				8CDBB12625EA44560093CCFF /* ReusableView.swift in Sources */,
				8C71583225E0C9E400583CB6 /* UITestsWireframe.swift in Sources */,
				8C39EC3225CC5D0D00265F3E /* UIViewContoller.swift in Sources */,
				8C39EBD925CBED5900265F3E /* WeatherCollectionViewLayout.swift in Sources */,
				8C1048F325CBB0B900282A3E /* ForecastViewDataModel.swift in Sources */,
				8C71588525E0D41500583CB6 /* CitySearchViewController.swift in Sources */,
				8C10487F25CBAF8300282A3E /* AppDelegate.swift in Sources */,
				8C1048DF25CBB09500282A3E /* APIError.swift in Sources */,
				8C7158AB25E0D8E900583CB6 /* WeatherProvider.swift in Sources */,
				8C39EBFF25CC371D00265F3E /* String.swift in Sources */,
				8C92AA1625CE766F00BCDB25 /* URLSession.swift in Sources */,
				8C39EC8A25CD580A00265F3E /* UICollectionView.swift in Sources */,
				8C1048CE25CBB07D00282A3E /* APIRequest+Convenience.swift in Sources */,
				8C1048C825CBB06F00282A3E /* Formatter.swift in Sources */,
				8C71586325E0D36100583CB6 /* CityTableViewCell.swift in Sources */,
				8C10488125CBAF8300282A3E /* SceneDelegate.swift in Sources */,
				8C1048D425CBB08400282A3E /* URLRequest+APIRequest.swift in Sources */,
				8C3DCDA625CEB484001B77B4 /* UITestTag.swift in Sources */,
				8C1048EB25CBB0A600282A3E /* WeatherViewModel.swift in Sources */,
				8CDBB10425EA36E80093CCFF /* UITableView.swift in Sources */,
				8C39EBE425CC2CD200265F3E /* TemperatureCollectionViewCell.swift in Sources */,
				8C71581125E0C14300583CB6 /* Wireframe.swift in Sources */,
				8C1048DE25CBB09500282A3E /* APIRequest.swift in Sources */,
				8C39EBED25CC2D4100265F3E /* WeatherViewSection.swift in Sources */,
				8C1048CF25CBB07D00282A3E /* APIClient.swift in Sources */,
				8C3DCD7925CEA81E001B77B4 /* WeatherViewDataModelMock.swift in Sources */,
				8C8E1D3325D6632D006D8E73 /* ApplicationPreferences.swift in Sources */,
				8C1048EA25CBB0A600282A3E /* WeatherProtocols.swift in Sources */,
				8C71587B25E0D3F500583CB6 /* CitySearchProtocols.swift in Sources */,
				8C1048E025CBB09500282A3E /* HeaderField.swift in Sources */,
			);
			runOnlyForDeploymentPostprocessing = 0;
		};
		8C10488D25CBAF8400282A3E /* Sources */ = {
			isa = PBXSourcesBuildPhase;
			buildActionMask = 2147483647;
			files = (
				8C0FD01725D68D7A00CBAF3A /* CallstackPredicate.swift in Sources */,
				8C0FD00825D68D6E00CBAF3A /* TestSpy.swift in Sources */,
				8C9EED3F25CD9E5C00F15BFA /* WeatherViewModelMapperTests.swift in Sources */,
				8C709D3425CDC5F80031755D /* APIClientTest.swift in Sources */,
				8C0FD01425D68D7A00CBAF3A /* CallstackMatcher.swift in Sources */,
				8C0FD01A25D68D7A00CBAF3A /* CallstackContainer.swift in Sources */,
				8CECB72E25CE4C8A0022A2D8 /* APIRequestTests.swift in Sources */,
				8C92A9C425CE5C6C00BCDB25 /* Spies.swift in Sources */,
				8C8E1DE925D673B9006D8E73 /* AutoSpy.generated.swift in Sources */,
				8C9EED4825CDA52A00F15BFA /* WeatherViewModelTests.swift in Sources */,
				8C2E7F2C25D902090073F507 /* TestModel.swift in Sources */,
				8C92A9C925CE629200BCDB25 /* WeatherProviderTests.swift in Sources */,
			);
			runOnlyForDeploymentPostprocessing = 0;
		};
		8C1C8B9D25CE817D00438764 /* Sources */ = {
			isa = PBXSourcesBuildPhase;
			buildActionMask = 2147483647;
			files = (
				8C0FD01B25D68D7A00CBAF3A /* CallstackContainer.swift in Sources */,
				8C0FD00925D68D6E00CBAF3A /* TestSpy.swift in Sources */,
				8C0FD05625D6983900CBAF3A /* Spies.swift in Sources */,
				8C8E1DEA25D673B9006D8E73 /* AutoSpy.generated.swift in Sources */,
				8C0FD01825D68D7A00CBAF3A /* CallstackPredicate.swift in Sources */,
				8C0FD01525D68D7A00CBAF3A /* CallstackMatcher.swift in Sources */,
				8C1C8BCC25CE82E700438764 /* WeatherModuleIntegrationTests.swift in Sources */,
			);
			runOnlyForDeploymentPostprocessing = 0;
		};
		8C3DCD4625CE9E07001B77B4 /* Sources */ = {
			isa = PBXSourcesBuildPhase;
			buildActionMask = 2147483647;
			files = (
				8C3DCDAB25CEB4B8001B77B4 /* UITestTag.swift in Sources */,
				8C3DCD5E25CE9E16001B77B4 /* WeatherModuleUITests.swift in Sources */,
			);
			runOnlyForDeploymentPostprocessing = 0;
		};
		8C8E1DA625D671D6006D8E73 /* Sources */ = {
			isa = PBXSourcesBuildPhase;
			buildActionMask = 2147483647;
			files = (
				8C0FD00A25D68D6E00CBAF3A /* TestSpy.swift in Sources */,
				8C8E1DEB25D673B9006D8E73 /* AutoSpy.generated.swift in Sources */,
				8C34929825D6D12800E739E4 /* XCTestCase.swift in Sources */,
				8C0FD01925D68D7A00CBAF3A /* CallstackPredicate.swift in Sources */,
				8C0FD04625D697A800CBAF3A /* Spies.swift in Sources */,
				8C8E1DCB25D6729B006D8E73 /* WeatherViewControllerSnapShotTests.swift in Sources */,
				8C0FD01C25D68D7A00CBAF3A /* CallstackContainer.swift in Sources */,
				8C0FD01625D68D7A00CBAF3A /* CallstackMatcher.swift in Sources */,
			);
			runOnlyForDeploymentPostprocessing = 0;
		};
/* End PBXSourcesBuildPhase section */

/* Begin PBXTargetDependency section */
		8C10489325CBAF8400282A3E /* PBXTargetDependency */ = {
			isa = PBXTargetDependency;
			target = 8C10487A25CBAF8300282A3E /* WeatherApp */;
			targetProxy = 8C10489225CBAF8400282A3E /* PBXContainerItemProxy */;
		};
		8C1C8BA725CE817D00438764 /* PBXTargetDependency */ = {
			isa = PBXTargetDependency;
			target = 8C10487A25CBAF8300282A3E /* WeatherApp */;
			targetProxy = 8C1C8BA625CE817D00438764 /* PBXContainerItemProxy */;
		};
		8C3DCD5025CE9E07001B77B4 /* PBXTargetDependency */ = {
			isa = PBXTargetDependency;
			target = 8C10487A25CBAF8300282A3E /* WeatherApp */;
			targetProxy = 8C3DCD4F25CE9E07001B77B4 /* PBXContainerItemProxy */;
		};
		8C8E1DB025D671D6006D8E73 /* PBXTargetDependency */ = {
			isa = PBXTargetDependency;
			target = 8C10487A25CBAF8300282A3E /* WeatherApp */;
			targetProxy = 8C8E1DAF25D671D6006D8E73 /* PBXContainerItemProxy */;
		};
/* End PBXTargetDependency section */

/* Begin PBXVariantGroup section */
		8C10488925CBAF8400282A3E /* LaunchScreen.storyboard */ = {
			isa = PBXVariantGroup;
			children = (
				8C10488A25CBAF8400282A3E /* Base */,
			);
			name = LaunchScreen.storyboard;
			sourceTree = "<group>";
		};
/* End PBXVariantGroup section */

/* Begin XCBuildConfiguration section */
		8C1048A325CBAF8400282A3E /* Debug */ = {
			isa = XCBuildConfiguration;
			buildSettings = {
				ALWAYS_SEARCH_USER_PATHS = NO;
				CLANG_ANALYZER_NONNULL = YES;
				CLANG_ANALYZER_NUMBER_OBJECT_CONVERSION = YES_AGGRESSIVE;
				CLANG_CXX_LANGUAGE_STANDARD = "gnu++14";
				CLANG_CXX_LIBRARY = "libc++";
				CLANG_ENABLE_MODULES = YES;
				CLANG_ENABLE_OBJC_ARC = YES;
				CLANG_ENABLE_OBJC_WEAK = YES;
				CLANG_WARN_BLOCK_CAPTURE_AUTORELEASING = YES;
				CLANG_WARN_BOOL_CONVERSION = YES;
				CLANG_WARN_COMMA = YES;
				CLANG_WARN_CONSTANT_CONVERSION = YES;
				CLANG_WARN_DEPRECATED_OBJC_IMPLEMENTATIONS = YES;
				CLANG_WARN_DIRECT_OBJC_ISA_USAGE = YES_ERROR;
				CLANG_WARN_DOCUMENTATION_COMMENTS = YES;
				CLANG_WARN_EMPTY_BODY = YES;
				CLANG_WARN_ENUM_CONVERSION = YES;
				CLANG_WARN_INFINITE_RECURSION = YES;
				CLANG_WARN_INT_CONVERSION = YES;
				CLANG_WARN_NON_LITERAL_NULL_CONVERSION = YES;
				CLANG_WARN_OBJC_IMPLICIT_RETAIN_SELF = YES;
				CLANG_WARN_OBJC_LITERAL_CONVERSION = YES;
				CLANG_WARN_OBJC_ROOT_CLASS = YES_ERROR;
				CLANG_WARN_QUOTED_INCLUDE_IN_FRAMEWORK_HEADER = YES;
				CLANG_WARN_RANGE_LOOP_ANALYSIS = YES;
				CLANG_WARN_STRICT_PROTOTYPES = YES;
				CLANG_WARN_SUSPICIOUS_MOVE = YES;
				CLANG_WARN_UNGUARDED_AVAILABILITY = YES_AGGRESSIVE;
				CLANG_WARN_UNREACHABLE_CODE = YES;
				CLANG_WARN__DUPLICATE_METHOD_MATCH = YES;
				COPY_PHASE_STRIP = NO;
				DEBUG_INFORMATION_FORMAT = dwarf;
				ENABLE_STRICT_OBJC_MSGSEND = YES;
				ENABLE_TESTABILITY = YES;
				GCC_C_LANGUAGE_STANDARD = gnu11;
				GCC_DYNAMIC_NO_PIC = NO;
				GCC_NO_COMMON_BLOCKS = YES;
				GCC_OPTIMIZATION_LEVEL = 0;
				GCC_PREPROCESSOR_DEFINITIONS = (
					"DEBUG=1",
					"$(inherited)",
				);
				GCC_WARN_64_TO_32_BIT_CONVERSION = YES;
				GCC_WARN_ABOUT_RETURN_TYPE = YES_ERROR;
				GCC_WARN_UNDECLARED_SELECTOR = YES;
				GCC_WARN_UNINITIALIZED_AUTOS = YES_AGGRESSIVE;
				GCC_WARN_UNUSED_FUNCTION = YES;
				GCC_WARN_UNUSED_VARIABLE = YES;
				IPHONEOS_DEPLOYMENT_TARGET = 13.0;
				MTL_ENABLE_DEBUG_INFO = INCLUDE_SOURCE;
				MTL_FAST_MATH = YES;
				ONLY_ACTIVE_ARCH = YES;
				SDKROOT = iphoneos;
				SWIFT_ACTIVE_COMPILATION_CONDITIONS = DEBUG;
				SWIFT_OPTIMIZATION_LEVEL = "-Onone";
				SWIFT_SUPPRESS_WARNINGS = NO;
			};
			name = Debug;
		};
		8C1048A425CBAF8400282A3E /* Release */ = {
			isa = XCBuildConfiguration;
			buildSettings = {
				ALWAYS_SEARCH_USER_PATHS = NO;
				CLANG_ANALYZER_NONNULL = YES;
				CLANG_ANALYZER_NUMBER_OBJECT_CONVERSION = YES_AGGRESSIVE;
				CLANG_CXX_LANGUAGE_STANDARD = "gnu++14";
				CLANG_CXX_LIBRARY = "libc++";
				CLANG_ENABLE_MODULES = YES;
				CLANG_ENABLE_OBJC_ARC = YES;
				CLANG_ENABLE_OBJC_WEAK = YES;
				CLANG_WARN_BLOCK_CAPTURE_AUTORELEASING = YES;
				CLANG_WARN_BOOL_CONVERSION = YES;
				CLANG_WARN_COMMA = YES;
				CLANG_WARN_CONSTANT_CONVERSION = YES;
				CLANG_WARN_DEPRECATED_OBJC_IMPLEMENTATIONS = YES;
				CLANG_WARN_DIRECT_OBJC_ISA_USAGE = YES_ERROR;
				CLANG_WARN_DOCUMENTATION_COMMENTS = YES;
				CLANG_WARN_EMPTY_BODY = YES;
				CLANG_WARN_ENUM_CONVERSION = YES;
				CLANG_WARN_INFINITE_RECURSION = YES;
				CLANG_WARN_INT_CONVERSION = YES;
				CLANG_WARN_NON_LITERAL_NULL_CONVERSION = YES;
				CLANG_WARN_OBJC_IMPLICIT_RETAIN_SELF = YES;
				CLANG_WARN_OBJC_LITERAL_CONVERSION = YES;
				CLANG_WARN_OBJC_ROOT_CLASS = YES_ERROR;
				CLANG_WARN_QUOTED_INCLUDE_IN_FRAMEWORK_HEADER = YES;
				CLANG_WARN_RANGE_LOOP_ANALYSIS = YES;
				CLANG_WARN_STRICT_PROTOTYPES = YES;
				CLANG_WARN_SUSPICIOUS_MOVE = YES;
				CLANG_WARN_UNGUARDED_AVAILABILITY = YES_AGGRESSIVE;
				CLANG_WARN_UNREACHABLE_CODE = YES;
				CLANG_WARN__DUPLICATE_METHOD_MATCH = YES;
				COPY_PHASE_STRIP = NO;
				DEBUG_INFORMATION_FORMAT = "dwarf-with-dsym";
				ENABLE_NS_ASSERTIONS = NO;
				ENABLE_STRICT_OBJC_MSGSEND = YES;
				GCC_C_LANGUAGE_STANDARD = gnu11;
				GCC_NO_COMMON_BLOCKS = YES;
				GCC_WARN_64_TO_32_BIT_CONVERSION = YES;
				GCC_WARN_ABOUT_RETURN_TYPE = YES_ERROR;
				GCC_WARN_UNDECLARED_SELECTOR = YES;
				GCC_WARN_UNINITIALIZED_AUTOS = YES_AGGRESSIVE;
				GCC_WARN_UNUSED_FUNCTION = YES;
				GCC_WARN_UNUSED_VARIABLE = YES;
				IPHONEOS_DEPLOYMENT_TARGET = 13.0;
				MTL_ENABLE_DEBUG_INFO = NO;
				MTL_FAST_MATH = YES;
				SDKROOT = iphoneos;
				SWIFT_COMPILATION_MODE = wholemodule;
				SWIFT_OPTIMIZATION_LEVEL = "-O";
				SWIFT_SUPPRESS_WARNINGS = NO;
				VALIDATE_PRODUCT = YES;
			};
			name = Release;
		};
		8C1048A625CBAF8400282A3E /* Debug */ = {
			isa = XCBuildConfiguration;
			baseConfigurationReference = 8FE93E750C94673E402161E3 /* Pods-WeatherApp.debug.xcconfig */;
			buildSettings = {
				ASSETCATALOG_COMPILER_APPICON_NAME = AppIcon;
				ASSETCATALOG_COMPILER_GLOBAL_ACCENT_COLOR_NAME = AccentColor;
				CODE_SIGN_STYLE = Automatic;
				DEBUG_INFORMATION_FORMAT = "dwarf-with-dsym";
				DEVELOPMENT_TEAM = FZ32CY9FLM;
				INFOPLIST_FILE = "WeatherApp/Support Files/Info.plist";
				LD_RUNPATH_SEARCH_PATHS = (
					"$(inherited)",
					"@executable_path/Frameworks",
				);
				PRODUCT_BUNDLE_IDENTIFIER = es.molestudio.WeatherApp;
				PRODUCT_NAME = "$(TARGET_NAME)";
				SWIFT_SUPPRESS_WARNINGS = NO;
				SWIFT_VERSION = 5.0;
				TARGETED_DEVICE_FAMILY = "1,2";
			};
			name = Debug;
		};
		8C1048A725CBAF8400282A3E /* Release */ = {
			isa = XCBuildConfiguration;
			baseConfigurationReference = DF55B851F97F1310C43657A0 /* Pods-WeatherApp.release.xcconfig */;
			buildSettings = {
				ASSETCATALOG_COMPILER_APPICON_NAME = AppIcon;
				ASSETCATALOG_COMPILER_GLOBAL_ACCENT_COLOR_NAME = AccentColor;
				CODE_SIGN_STYLE = Automatic;
				DEVELOPMENT_TEAM = FZ32CY9FLM;
				INFOPLIST_FILE = "WeatherApp/Support Files/Info.plist";
				LD_RUNPATH_SEARCH_PATHS = (
					"$(inherited)",
					"@executable_path/Frameworks",
				);
				ONLY_ACTIVE_ARCH = NO;
				PRODUCT_BUNDLE_IDENTIFIER = es.molestudio.WeatherApp;
				PRODUCT_NAME = "$(TARGET_NAME)";
				SWIFT_SUPPRESS_WARNINGS = NO;
				SWIFT_VERSION = 5.0;
				TARGETED_DEVICE_FAMILY = "1,2";
			};
			name = Release;
		};
		8C1048A925CBAF8400282A3E /* Debug */ = {
			isa = XCBuildConfiguration;
			baseConfigurationReference = A9C883EAF6A80AF9C613357C /* Pods-WeatherAppUnitTests.debug.xcconfig */;
			buildSettings = {
				ALWAYS_EMBED_SWIFT_STANDARD_LIBRARIES = YES;
				BUNDLE_LOADER = "$(TEST_HOST)";
				CLANG_ENABLE_MODULES = YES;
				CODE_SIGN_STYLE = Automatic;
				DEVELOPMENT_TEAM = FZ32CY9FLM;
				GCC_WARN_INHIBIT_ALL_WARNINGS = NO;
				INFOPLIST_FILE = "WeatherAppUnitTests/Support Files/Info.plist";
				IPHONEOS_DEPLOYMENT_TARGET = 13.0;
				LD_RUNPATH_SEARCH_PATHS = (
					"$(inherited)",
					"@executable_path/Frameworks",
					"@loader_path/Frameworks",
				);
				PRODUCT_BUNDLE_IDENTIFIER = es.molestudio.WeatherAppTests;
				PRODUCT_NAME = "$(TARGET_NAME)";
				SWIFT_OPTIMIZATION_LEVEL = "-Onone";
				SWIFT_SUPPRESS_WARNINGS = NO;
				SWIFT_VERSION = 5.0;
				TARGETED_DEVICE_FAMILY = "1,2";
				TEST_HOST = "$(BUILT_PRODUCTS_DIR)/WeatherApp.app/WeatherApp";
			};
			name = Debug;
		};
		8C1048AA25CBAF8400282A3E /* Release */ = {
			isa = XCBuildConfiguration;
			baseConfigurationReference = 33911BD88C28C64A7C19680D /* Pods-WeatherAppUnitTests.release.xcconfig */;
			buildSettings = {
				ALWAYS_EMBED_SWIFT_STANDARD_LIBRARIES = YES;
				BUNDLE_LOADER = "$(TEST_HOST)";
				CLANG_ENABLE_MODULES = YES;
				CODE_SIGN_STYLE = Automatic;
				DEVELOPMENT_TEAM = FZ32CY9FLM;
				GCC_WARN_INHIBIT_ALL_WARNINGS = NO;
				INFOPLIST_FILE = "WeatherAppUnitTests/Support Files/Info.plist";
				IPHONEOS_DEPLOYMENT_TARGET = 13.0;
				LD_RUNPATH_SEARCH_PATHS = (
					"$(inherited)",
					"@executable_path/Frameworks",
					"@loader_path/Frameworks",
				);
				PRODUCT_BUNDLE_IDENTIFIER = es.molestudio.WeatherAppTests;
				PRODUCT_NAME = "$(TARGET_NAME)";
				SWIFT_SUPPRESS_WARNINGS = NO;
				SWIFT_VERSION = 5.0;
				TARGETED_DEVICE_FAMILY = "1,2";
				TEST_HOST = "$(BUILT_PRODUCTS_DIR)/WeatherApp.app/WeatherApp";
			};
			name = Release;
		};
		8C1C8BA925CE817D00438764 /* Debug */ = {
			isa = XCBuildConfiguration;
			baseConfigurationReference = DAAA8D1F6DB2789B738FBA6B /* Pods-WeatherAppIntegrationTests.debug.xcconfig */;
			buildSettings = {
				BUNDLE_LOADER = "$(TEST_HOST)";
				CLANG_ENABLE_MODULES = YES;
				CODE_SIGN_STYLE = Automatic;
				DEVELOPMENT_TEAM = FZ32CY9FLM;
				GCC_WARN_INHIBIT_ALL_WARNINGS = NO;
				INFOPLIST_FILE = "WeatherAppIntegrationTests/Support Files/Info.plist";
				IPHONEOS_DEPLOYMENT_TARGET = 13.0;
				LD_RUNPATH_SEARCH_PATHS = (
					"$(inherited)",
					"@executable_path/Frameworks",
					"@loader_path/Frameworks",
				);
				PRODUCT_BUNDLE_IDENTIFIER = es.molestudio.WeatherAppIntegrationTests;
				PRODUCT_NAME = "$(TARGET_NAME)";
				SWIFT_OPTIMIZATION_LEVEL = "-Onone";
				SWIFT_SUPPRESS_WARNINGS = NO;
				SWIFT_VERSION = 5.0;
				TARGETED_DEVICE_FAMILY = "1,2";
				TEST_HOST = "$(BUILT_PRODUCTS_DIR)/WeatherApp.app/WeatherApp";
			};
			name = Debug;
		};
		8C1C8BAA25CE817D00438764 /* Release */ = {
			isa = XCBuildConfiguration;
			baseConfigurationReference = D9F94420CB680983EEE93DC1 /* Pods-WeatherAppIntegrationTests.release.xcconfig */;
			buildSettings = {
				BUNDLE_LOADER = "$(TEST_HOST)";
				CLANG_ENABLE_MODULES = YES;
				CODE_SIGN_STYLE = Automatic;
				DEVELOPMENT_TEAM = FZ32CY9FLM;
				GCC_WARN_INHIBIT_ALL_WARNINGS = NO;
				INFOPLIST_FILE = "WeatherAppIntegrationTests/Support Files/Info.plist";
				IPHONEOS_DEPLOYMENT_TARGET = 13.0;
				LD_RUNPATH_SEARCH_PATHS = (
					"$(inherited)",
					"@executable_path/Frameworks",
					"@loader_path/Frameworks",
				);
				PRODUCT_BUNDLE_IDENTIFIER = es.molestudio.WeatherAppIntegrationTests;
				PRODUCT_NAME = "$(TARGET_NAME)";
				SWIFT_SUPPRESS_WARNINGS = NO;
				SWIFT_VERSION = 5.0;
				TARGETED_DEVICE_FAMILY = "1,2";
				TEST_HOST = "$(BUILT_PRODUCTS_DIR)/WeatherApp.app/WeatherApp";
			};
			name = Release;
		};
		8C3DCD5225CE9E07001B77B4 /* Debug */ = {
			isa = XCBuildConfiguration;
			baseConfigurationReference = 0A79EA8A2DE6B36FFA5F1BB9 /* Pods-WeatherApp-WeatherAppUITests.debug.xcconfig */;
			buildSettings = {
				CLANG_ENABLE_MODULES = YES;
				CODE_SIGN_STYLE = Automatic;
				DEVELOPMENT_TEAM = FZ32CY9FLM;
				GCC_WARN_INHIBIT_ALL_WARNINGS = NO;
				INFOPLIST_FILE = "WeatherAppUITests/Support Files/Info.plist";
				IPHONEOS_DEPLOYMENT_TARGET = 13.0;
				LD_RUNPATH_SEARCH_PATHS = (
					"$(inherited)",
					"@executable_path/Frameworks",
					"@loader_path/Frameworks",
				);
				PRODUCT_BUNDLE_IDENTIFIER = es.molestudio.WeatherAppUITests;
				PRODUCT_NAME = "$(TARGET_NAME)";
				SWIFT_OPTIMIZATION_LEVEL = "-Onone";
				SWIFT_SUPPRESS_WARNINGS = NO;
				SWIFT_VERSION = 5.0;
				TARGETED_DEVICE_FAMILY = "1,2";
				TEST_TARGET_NAME = WeatherApp;
			};
			name = Debug;
		};
		8C3DCD5325CE9E07001B77B4 /* Release */ = {
			isa = XCBuildConfiguration;
			baseConfigurationReference = 6A90DB5011C72596FDD9BE82 /* Pods-WeatherApp-WeatherAppUITests.release.xcconfig */;
			buildSettings = {
				CLANG_ENABLE_MODULES = YES;
				CODE_SIGN_STYLE = Automatic;
				DEVELOPMENT_TEAM = FZ32CY9FLM;
				GCC_WARN_INHIBIT_ALL_WARNINGS = NO;
				INFOPLIST_FILE = "WeatherAppUITests/Support Files/Info.plist";
				IPHONEOS_DEPLOYMENT_TARGET = 13.0;
				LD_RUNPATH_SEARCH_PATHS = (
					"$(inherited)",
					"@executable_path/Frameworks",
					"@loader_path/Frameworks",
				);
				ONLY_ACTIVE_ARCH = NO;
				PRODUCT_BUNDLE_IDENTIFIER = es.molestudio.WeatherAppUITests;
				PRODUCT_NAME = "$(TARGET_NAME)";
				SWIFT_SUPPRESS_WARNINGS = NO;
				SWIFT_VERSION = 5.0;
				TARGETED_DEVICE_FAMILY = "1,2";
				TEST_TARGET_NAME = WeatherApp;
			};
			name = Release;
		};
		8C8E1DB225D671D6006D8E73 /* Debug */ = {
			isa = XCBuildConfiguration;
			baseConfigurationReference = 517BC318141A0EADDE1F62F2 /* Pods-WeatherAppSnapshotTests.debug.xcconfig */;
			buildSettings = {
				BUNDLE_LOADER = "$(TEST_HOST)";
				CLANG_ENABLE_MODULES = YES;
				CODE_SIGN_STYLE = Automatic;
				DEVELOPMENT_TEAM = FZ32CY9FLM;
				GCC_WARN_INHIBIT_ALL_WARNINGS = NO;
				INFOPLIST_FILE = "WeatherAppSnapshotTests/Support Files/Info.plist";
				IPHONEOS_DEPLOYMENT_TARGET = 13.0;
				LD_RUNPATH_SEARCH_PATHS = (
					"$(inherited)",
					"@executable_path/Frameworks",
					"@loader_path/Frameworks",
				);
				PRODUCT_BUNDLE_IDENTIFIER = es.molestudio.WeatherAppSnapshotTests;
				PRODUCT_NAME = "$(TARGET_NAME)";
				SWIFT_OBJC_BRIDGING_HEADER = "";
				SWIFT_OPTIMIZATION_LEVEL = "-Onone";
				SWIFT_SUPPRESS_WARNINGS = NO;
				SWIFT_VERSION = 5.0;
				TARGETED_DEVICE_FAMILY = "1,2";
				TEST_HOST = "$(BUILT_PRODUCTS_DIR)/WeatherApp.app/WeatherApp";
			};
			name = Debug;
		};
		8C8E1DB325D671D6006D8E73 /* Release */ = {
			isa = XCBuildConfiguration;
			baseConfigurationReference = 7E615D784FA4E642581555CB /* Pods-WeatherAppSnapshotTests.release.xcconfig */;
			buildSettings = {
				BUNDLE_LOADER = "$(TEST_HOST)";
				CLANG_ENABLE_MODULES = YES;
				CODE_SIGN_STYLE = Automatic;
				DEVELOPMENT_TEAM = FZ32CY9FLM;
				GCC_WARN_INHIBIT_ALL_WARNINGS = NO;
				INFOPLIST_FILE = "WeatherAppSnapshotTests/Support Files/Info.plist";
				IPHONEOS_DEPLOYMENT_TARGET = 13.0;
				LD_RUNPATH_SEARCH_PATHS = (
					"$(inherited)",
					"@executable_path/Frameworks",
					"@loader_path/Frameworks",
				);
				PRODUCT_BUNDLE_IDENTIFIER = es.molestudio.WeatherAppSnapshotTests;
				PRODUCT_NAME = "$(TARGET_NAME)";
				SWIFT_OBJC_BRIDGING_HEADER = "";
				SWIFT_SUPPRESS_WARNINGS = NO;
				SWIFT_VERSION = 5.0;
				TARGETED_DEVICE_FAMILY = "1,2";
				TEST_HOST = "$(BUILT_PRODUCTS_DIR)/WeatherApp.app/WeatherApp";
			};
			name = Release;
		};
/* End XCBuildConfiguration section */

/* Begin XCConfigurationList section */
		8C10487625CBAF8300282A3E /* Build configuration list for PBXProject "WeatherApp" */ = {
			isa = XCConfigurationList;
			buildConfigurations = (
				8C1048A325CBAF8400282A3E /* Debug */,
				8C1048A425CBAF8400282A3E /* Release */,
			);
			defaultConfigurationIsVisible = 0;
			defaultConfigurationName = Release;
		};
		8C1048A525CBAF8400282A3E /* Build configuration list for PBXNativeTarget "WeatherApp" */ = {
			isa = XCConfigurationList;
			buildConfigurations = (
				8C1048A625CBAF8400282A3E /* Debug */,
				8C1048A725CBAF8400282A3E /* Release */,
			);
			defaultConfigurationIsVisible = 0;
			defaultConfigurationName = Release;
		};
		8C1048A825CBAF8400282A3E /* Build configuration list for PBXNativeTarget "WeatherAppUnitTests" */ = {
			isa = XCConfigurationList;
			buildConfigurations = (
				8C1048A925CBAF8400282A3E /* Debug */,
				8C1048AA25CBAF8400282A3E /* Release */,
			);
			defaultConfigurationIsVisible = 0;
			defaultConfigurationName = Release;
		};
		8C1C8BA825CE817D00438764 /* Build configuration list for PBXNativeTarget "WeatherAppIntegrationTests" */ = {
			isa = XCConfigurationList;
			buildConfigurations = (
				8C1C8BA925CE817D00438764 /* Debug */,
				8C1C8BAA25CE817D00438764 /* Release */,
			);
			defaultConfigurationIsVisible = 0;
			defaultConfigurationName = Release;
		};
		8C3DCD5125CE9E07001B77B4 /* Build configuration list for PBXNativeTarget "WeatherAppUITests" */ = {
			isa = XCConfigurationList;
			buildConfigurations = (
				8C3DCD5225CE9E07001B77B4 /* Debug */,
				8C3DCD5325CE9E07001B77B4 /* Release */,
			);
			defaultConfigurationIsVisible = 0;
			defaultConfigurationName = Release;
		};
		8C8E1DB125D671D6006D8E73 /* Build configuration list for PBXNativeTarget "WeatherAppSnapshotTests" */ = {
			isa = XCConfigurationList;
			buildConfigurations = (
				8C8E1DB225D671D6006D8E73 /* Debug */,
				8C8E1DB325D671D6006D8E73 /* Release */,
			);
			defaultConfigurationIsVisible = 0;
			defaultConfigurationName = Release;
		};
/* End XCConfigurationList section */
	};
	rootObject = 8C10487325CBAF8300282A3E /* Project object */;
}
